// !$*UTF8*$!
{
	archiveVersion = 1;
	classes = {
	};
	objectVersion = 46;
	objects = {

/* Begin PBXBuildFile section */
		A4022C2E1A2C4EEA0042609B /* PhotoCollectionVC.m in Sources */ = {isa = PBXBuildFile; fileRef = A4022C2C1A2C4EEA0042609B /* PhotoCollectionVC.m */; };
		A4022C2F1A2C4EEA0042609B /* PhotoCollectionVC.xib in Resources */ = {isa = PBXBuildFile; fileRef = A4022C2D1A2C4EEA0042609B /* PhotoCollectionVC.xib */; };
		A43A5FDF1A2DF18000A67ACB /* PhotoCollectionViewCell.m in Sources */ = {isa = PBXBuildFile; fileRef = A43A5FDD1A2DF18000A67ACB /* PhotoCollectionViewCell.m */; };
		A447F9FC1A3EF2570081EF77 /* libiCamera.a in Frameworks */ = {isa = PBXBuildFile; fileRef = A447F9FB1A3EF2570081EF77 /* libiCamera.a */; };
		A46A8EB01A314DE0005F6F9A /* AFHTTPRequestOperation.m in Sources */ = {isa = PBXBuildFile; fileRef = A46A8E681A314DE0005F6F9A /* AFHTTPRequestOperation.m */; };
		A46A8EB11A314DE0005F6F9A /* AFHTTPRequestOperationManager.m in Sources */ = {isa = PBXBuildFile; fileRef = A46A8E6A1A314DE0005F6F9A /* AFHTTPRequestOperationManager.m */; };
		A46A8EB21A314DE0005F6F9A /* AFHTTPSessionManager.m in Sources */ = {isa = PBXBuildFile; fileRef = A46A8E6C1A314DE0005F6F9A /* AFHTTPSessionManager.m */; };
		A46A8EB31A314DE0005F6F9A /* AFNetworkReachabilityManager.m in Sources */ = {isa = PBXBuildFile; fileRef = A46A8E6F1A314DE0005F6F9A /* AFNetworkReachabilityManager.m */; };
		A46A8EB41A314DE0005F6F9A /* AFSecurityPolicy.m in Sources */ = {isa = PBXBuildFile; fileRef = A46A8E711A314DE0005F6F9A /* AFSecurityPolicy.m */; };
		A46A8EB51A314DE0005F6F9A /* AFURLConnectionOperation.m in Sources */ = {isa = PBXBuildFile; fileRef = A46A8E731A314DE0005F6F9A /* AFURLConnectionOperation.m */; };
		A46A8EB61A314DE0005F6F9A /* AFURLRequestSerialization.m in Sources */ = {isa = PBXBuildFile; fileRef = A46A8E751A314DE0005F6F9A /* AFURLRequestSerialization.m */; };
		A46A8EB71A314DE0005F6F9A /* AFURLResponseSerialization.m in Sources */ = {isa = PBXBuildFile; fileRef = A46A8E771A314DE0005F6F9A /* AFURLResponseSerialization.m */; };
		A46A8EB81A314DE0005F6F9A /* AFURLSessionManager.m in Sources */ = {isa = PBXBuildFile; fileRef = A46A8E791A314DE0005F6F9A /* AFURLSessionManager.m */; };
		A46A8EB91A314DE0005F6F9A /* CodingBase64.m in Sources */ = {isa = PBXBuildFile; fileRef = A46A8E7C1A314DE0005F6F9A /* CodingBase64.m */; };
		A46A8EBA1A314DE0005F6F9A /* GTMBase64.m in Sources */ = {isa = PBXBuildFile; fileRef = A46A8E7E1A314DE0005F6F9A /* GTMBase64.m */; };
		A46A8EBB1A314DE0005F6F9A /* IQBarButtonItem.m in Sources */ = {isa = PBXBuildFile; fileRef = A46A8E821A314DE0005F6F9A /* IQBarButtonItem.m */; };
		A46A8EBC1A314DE0005F6F9A /* IQKeyboardManager.bundle in Resources */ = {isa = PBXBuildFile; fileRef = A46A8E831A314DE0005F6F9A /* IQKeyboardManager.bundle */; };
		A46A8EBD1A314DE0005F6F9A /* IQKeyboardManager.m in Sources */ = {isa = PBXBuildFile; fileRef = A46A8E851A314DE0005F6F9A /* IQKeyboardManager.m */; };
		A46A8EBE1A314DE0005F6F9A /* IQKeyboardReturnKeyHandler.m in Sources */ = {isa = PBXBuildFile; fileRef = A46A8E891A314DE0005F6F9A /* IQKeyboardReturnKeyHandler.m */; };
		A46A8EBF1A314DE0005F6F9A /* IQNSArray+Sort.m in Sources */ = {isa = PBXBuildFile; fileRef = A46A8E8B1A314DE0005F6F9A /* IQNSArray+Sort.m */; };
		A46A8EC01A314DE0005F6F9A /* IQSegmentedNextPrevious.m in Sources */ = {isa = PBXBuildFile; fileRef = A46A8E8D1A314DE0005F6F9A /* IQSegmentedNextPrevious.m */; };
		A46A8EC11A314DE0005F6F9A /* IQTextView.m in Sources */ = {isa = PBXBuildFile; fileRef = A46A8E8F1A314DE0005F6F9A /* IQTextView.m */; };
		A46A8EC21A314DE0005F6F9A /* IQTitleBarButtonItem.m in Sources */ = {isa = PBXBuildFile; fileRef = A46A8E911A314DE0005F6F9A /* IQTitleBarButtonItem.m */; };
		A46A8EC31A314DE0005F6F9A /* IQToolbar.m in Sources */ = {isa = PBXBuildFile; fileRef = A46A8E931A314DE0005F6F9A /* IQToolbar.m */; };
		A46A8EC41A314DE0005F6F9A /* IQUIView+Hierarchy.m in Sources */ = {isa = PBXBuildFile; fileRef = A46A8E951A314DE0005F6F9A /* IQUIView+Hierarchy.m */; };
		A46A8EC51A314DE0005F6F9A /* IQUIView+IQKeyboardToolbar.m in Sources */ = {isa = PBXBuildFile; fileRef = A46A8E971A314DE0005F6F9A /* IQUIView+IQKeyboardToolbar.m */; };
		A46A8EC61A314DE0005F6F9A /* IQUIWindow+Hierarchy.m in Sources */ = {isa = PBXBuildFile; fileRef = A46A8E991A314DE0005F6F9A /* IQUIWindow+Hierarchy.m */; };
		A46A8EC81A314DE0005F6F9A /* AFNetworkActivityIndicatorManager.m in Sources */ = {isa = PBXBuildFile; fileRef = A46A8EA01A314DE0005F6F9A /* AFNetworkActivityIndicatorManager.m */; };
		A46A8EC91A314DE0005F6F9A /* UIActivityIndicatorView+AFNetworking.m in Sources */ = {isa = PBXBuildFile; fileRef = A46A8EA21A314DE0005F6F9A /* UIActivityIndicatorView+AFNetworking.m */; };
		A46A8ECA1A314DE0005F6F9A /* UIAlertView+AFNetworking.m in Sources */ = {isa = PBXBuildFile; fileRef = A46A8EA41A314DE0005F6F9A /* UIAlertView+AFNetworking.m */; };
		A46A8ECB1A314DE0005F6F9A /* UIButton+AFNetworking.m in Sources */ = {isa = PBXBuildFile; fileRef = A46A8EA61A314DE0005F6F9A /* UIButton+AFNetworking.m */; };
		A46A8ECC1A314DE0005F6F9A /* UIImageView+AFNetworking.m in Sources */ = {isa = PBXBuildFile; fileRef = A46A8EA81A314DE0005F6F9A /* UIImageView+AFNetworking.m */; };
		A46A8ECD1A314DE0005F6F9A /* UIProgressView+AFNetworking.m in Sources */ = {isa = PBXBuildFile; fileRef = A46A8EAB1A314DE0005F6F9A /* UIProgressView+AFNetworking.m */; };
		A46A8ECE1A314DE0005F6F9A /* UIRefreshControl+AFNetworking.m in Sources */ = {isa = PBXBuildFile; fileRef = A46A8EAD1A314DE0005F6F9A /* UIRefreshControl+AFNetworking.m */; };
		A46A8ECF1A314DE0005F6F9A /* UIWebView+AFNetworking.m in Sources */ = {isa = PBXBuildFile; fileRef = A46A8EAF1A314DE0005F6F9A /* UIWebView+AFNetworking.m */; };
		A46A8F0E1A314E1E005F6F9A /* back_btn.png in Resources */ = {isa = PBXBuildFile; fileRef = A46A8ED11A314E1E005F6F9A /* back_btn.png */; };
		A46A8F0F1A314E1E005F6F9A /* beijing.png in Resources */ = {isa = PBXBuildFile; fileRef = A46A8ED21A314E1E005F6F9A /* beijing.png */; };
		A46A8F101A314E1E005F6F9A /* beijing_349.png in Resources */ = {isa = PBXBuildFile; fileRef = A46A8ED31A314E1E005F6F9A /* beijing_349.png */; };
		A46A8F111A314E1E005F6F9A /* beijing_518.png in Resources */ = {isa = PBXBuildFile; fileRef = A46A8ED41A314E1E005F6F9A /* beijing_518.png */; };
		A46A8F121A314E1E005F6F9A /* black.png in Resources */ = {isa = PBXBuildFile; fileRef = A46A8ED51A314E1E005F6F9A /* black.png */; };
		A46A8F131A314E1E005F6F9A /* btn_login.png in Resources */ = {isa = PBXBuildFile; fileRef = A46A8ED61A314E1E005F6F9A /* btn_login.png */; };
		A46A8F141A314E1E005F6F9A /* btn_re.png in Resources */ = {isa = PBXBuildFile; fileRef = A46A8ED71A314E1E005F6F9A /* btn_re.png */; };
		A46A8F151A314E1E005F6F9A /* cancel_btn.png in Resources */ = {isa = PBXBuildFile; fileRef = A46A8ED81A314E1E005F6F9A /* cancel_btn.png */; };
		A46A8F161A314E1E005F6F9A /* cell_about_illness.png in Resources */ = {isa = PBXBuildFile; fileRef = A46A8ED91A314E1E005F6F9A /* cell_about_illness.png */; };
		A46A8F171A314E1E005F6F9A /* cell_about_us.png in Resources */ = {isa = PBXBuildFile; fileRef = A46A8EDA1A314E1E005F6F9A /* cell_about_us.png */; };
		A46A8F181A314E1E005F6F9A /* cell_case.png in Resources */ = {isa = PBXBuildFile; fileRef = A46A8EDB1A314E1E005F6F9A /* cell_case.png */; };
		A46A8F191A314E1E005F6F9A /* cell_device.png in Resources */ = {isa = PBXBuildFile; fileRef = A46A8EDC1A314E1E005F6F9A /* cell_device.png */; };
		A46A8F1A1A314E1E005F6F9A /* cell_exist.png in Resources */ = {isa = PBXBuildFile; fileRef = A46A8EDD1A314E1E005F6F9A /* cell_exist.png */; };
		A46A8F1B1A314E1E005F6F9A /* cell_help.png in Resources */ = {isa = PBXBuildFile; fileRef = A46A8EDE1A314E1E005F6F9A /* cell_help.png */; };
		A46A8F1C1A314E1E005F6F9A /* cell_jiantou.png in Resources */ = {isa = PBXBuildFile; fileRef = A46A8EDF1A314E1E005F6F9A /* cell_jiantou.png */; };
		A46A8F1D1A314E1E005F6F9A /* cell_share.png in Resources */ = {isa = PBXBuildFile; fileRef = A46A8EE01A314E1E005F6F9A /* cell_share.png */; };
		A46A8F1E1A314E1E005F6F9A /* cell_upload.png in Resources */ = {isa = PBXBuildFile; fileRef = A46A8EE11A314E1E005F6F9A /* cell_upload.png */; };
		A46A8F1F1A314E1E005F6F9A /* cell_userInfo.png in Resources */ = {isa = PBXBuildFile; fileRef = A46A8EE21A314E1E005F6F9A /* cell_userInfo.png */; };
		A46A8F201A314E1E005F6F9A /* close_btn.png in Resources */ = {isa = PBXBuildFile; fileRef = A46A8EE31A314E1E005F6F9A /* close_btn.png */; };
		A46A8F211A314E1E005F6F9A /* commit_btn.png in Resources */ = {isa = PBXBuildFile; fileRef = A46A8EE41A314E1E005F6F9A /* commit_btn.png */; };
		A46A8F221A314E1E005F6F9A /* company.png in Resources */ = {isa = PBXBuildFile; fileRef = A46A8EE51A314E1E005F6F9A /* company.png */; };
		A46A8F231A314E1E005F6F9A /* cover_view.png in Resources */ = {isa = PBXBuildFile; fileRef = A46A8EE61A314E1E005F6F9A /* cover_view.png */; };
		A46A8F241A314E1E005F6F9A /* head.png in Resources */ = {isa = PBXBuildFile; fileRef = A46A8EE71A314E1E005F6F9A /* head.png */; };
		A46A8F251A314E1E005F6F9A /* icon.png in Resources */ = {isa = PBXBuildFile; fileRef = A46A8EE81A314E1E005F6F9A /* icon.png */; };
		A46A8F261A314E1E005F6F9A /* icon120.png in Resources */ = {isa = PBXBuildFile; fileRef = A46A8EE91A314E1E005F6F9A /* icon120.png */; };
		A46A8F271A314E1E005F6F9A /* icon58.png in Resources */ = {isa = PBXBuildFile; fileRef = A46A8EEA1A314E1E005F6F9A /* icon58.png */; };
		A46A8F281A314E1E005F6F9A /* icon@2x.png in Resources */ = {isa = PBXBuildFile; fileRef = A46A8EEB1A314E1E005F6F9A /* icon@2x.png */; };
		A46A8F291A314E1E005F6F9A /* image_divide.png in Resources */ = {isa = PBXBuildFile; fileRef = A46A8EEC1A314E1E005F6F9A /* image_divide.png */; };
		A46A8F2A1A314E1E005F6F9A /* jiantou.png in Resources */ = {isa = PBXBuildFile; fileRef = A46A8EED1A314E1E005F6F9A /* jiantou.png */; };
		A46A8F2B1A314E1E005F6F9A /* logo.png in Resources */ = {isa = PBXBuildFile; fileRef = A46A8EEE1A314E1E005F6F9A /* logo.png */; };
		A46A8F2C1A314E1E005F6F9A /* navi_bar@2x.png in Resources */ = {isa = PBXBuildFile; fileRef = A46A8EEF1A314E1E005F6F9A /* navi_bar@2x.png */; };
		A46A8F2D1A314E1E005F6F9A /* selectedColleView@2x.png in Resources */ = {isa = PBXBuildFile; fileRef = A46A8EF01A314E1E005F6F9A /* selectedColleView@2x.png */; };
		A46A8F2E1A314E1E005F6F9A /* sex.png in Resources */ = {isa = PBXBuildFile; fileRef = A46A8EF11A314E1E005F6F9A /* sex.png */; };
		A46A8F2F1A314E1E005F6F9A /* sex_sel.png in Resources */ = {isa = PBXBuildFile; fileRef = A46A8EF21A314E1E005F6F9A /* sex_sel.png */; };
		A46A8F301A314E1E005F6F9A /* shurukuang.png in Resources */ = {isa = PBXBuildFile; fileRef = A46A8EF31A314E1E005F6F9A /* shurukuang.png */; };
		A46A8F311A314E1E005F6F9A /* tabbar_bg@2x.png in Resources */ = {isa = PBXBuildFile; fileRef = A46A8EF41A314E1E005F6F9A /* tabbar_bg@2x.png */; };
		A46A8F321A314E1E005F6F9A /* tabbar_more.png in Resources */ = {isa = PBXBuildFile; fileRef = A46A8EF51A314E1E005F6F9A /* tabbar_more.png */; };
		A46A8F331A314E1E005F6F9A /* tabbar_more_en.png in Resources */ = {isa = PBXBuildFile; fileRef = A46A8EF61A314E1E005F6F9A /* tabbar_more_en.png */; };
		A46A8F341A314E1E005F6F9A /* tabbar_more_sel.png in Resources */ = {isa = PBXBuildFile; fileRef = A46A8EF71A314E1E005F6F9A /* tabbar_more_sel.png */; };
		A46A8F351A314E1E005F6F9A /* tabbar_more_selen.png in Resources */ = {isa = PBXBuildFile; fileRef = A46A8EF81A314E1E005F6F9A /* tabbar_more_selen.png */; };
		A46A8F361A314E1E005F6F9A /* tabbar_paizhao.png in Resources */ = {isa = PBXBuildFile; fileRef = A46A8EF91A314E1E005F6F9A /* tabbar_paizhao.png */; };
		A46A8F371A314E1E005F6F9A /* tabbar_paizhao_en.png in Resources */ = {isa = PBXBuildFile; fileRef = A46A8EFA1A314E1E005F6F9A /* tabbar_paizhao_en.png */; };
		A46A8F381A314E1E005F6F9A /* tabbar_paizhao_sel.png in Resources */ = {isa = PBXBuildFile; fileRef = A46A8EFB1A314E1E005F6F9A /* tabbar_paizhao_sel.png */; };
		A46A8F391A314E1E005F6F9A /* tabbar_paizhao_selen.png in Resources */ = {isa = PBXBuildFile; fileRef = A46A8EFC1A314E1E005F6F9A /* tabbar_paizhao_selen.png */; };
		A46A8F3A1A314E1E005F6F9A /* tabbar_tupian.png in Resources */ = {isa = PBXBuildFile; fileRef = A46A8EFD1A314E1E005F6F9A /* tabbar_tupian.png */; };
		A46A8F3B1A314E1E005F6F9A /* tabbar_tupian_en.png in Resources */ = {isa = PBXBuildFile; fileRef = A46A8EFE1A314E1E005F6F9A /* tabbar_tupian_en.png */; };
		A46A8F3C1A314E1E005F6F9A /* tabbar_tupian_sel.png in Resources */ = {isa = PBXBuildFile; fileRef = A46A8EFF1A314E1E005F6F9A /* tabbar_tupian_sel.png */; };
		A46A8F3D1A314E1E005F6F9A /* tabbar_tupian_selen.png in Resources */ = {isa = PBXBuildFile; fileRef = A46A8F001A314E1E005F6F9A /* tabbar_tupian_selen.png */; };
		A46A8F3E1A314E1E005F6F9A /* text_long.png in Resources */ = {isa = PBXBuildFile; fileRef = A46A8F011A314E1E005F6F9A /* text_long.png */; };
		A46A8F3F1A314E1E005F6F9A /* text_medicine.png in Resources */ = {isa = PBXBuildFile; fileRef = A46A8F021A314E1E005F6F9A /* text_medicine.png */; };
		A46A8F401A314E1E005F6F9A /* tishikuang.png in Resources */ = {isa = PBXBuildFile; fileRef = A46A8F031A314E1E005F6F9A /* tishikuang.png */; };
		A46A8F411A314E1E005F6F9A /* user_word.png in Resources */ = {isa = PBXBuildFile; fileRef = A46A8F041A314E1E005F6F9A /* user_word.png */; };
		A46A8F421A314E1E005F6F9A /* xiala.png in Resources */ = {isa = PBXBuildFile; fileRef = A46A8F051A314E1E005F6F9A /* xiala.png */; };
		A46A8F431A314E1E005F6F9A /* xiala_sel.png in Resources */ = {isa = PBXBuildFile; fileRef = A46A8F061A314E1E005F6F9A /* xiala_sel.png */; };
		A46A8F441A314E1E005F6F9A /* yuyan_btn.png in Resources */ = {isa = PBXBuildFile; fileRef = A46A8F071A314E1E005F6F9A /* yuyan_btn.png */; };
		A46A8F451A314E1E005F6F9A /* yuyan_btn_sel.png in Resources */ = {isa = PBXBuildFile; fileRef = A46A8F081A314E1E005F6F9A /* yuyan_btn_sel.png */; };
		A46A8F461A314E1E005F6F9A /* yuyan_cn.png in Resources */ = {isa = PBXBuildFile; fileRef = A46A8F091A314E1E005F6F9A /* yuyan_cn.png */; };
		A46A8F471A314E1E005F6F9A /* yuyan_cn_sel.png in Resources */ = {isa = PBXBuildFile; fileRef = A46A8F0A1A314E1E005F6F9A /* yuyan_cn_sel.png */; };
		A46A8F481A314E1E005F6F9A /* yuyan_En.png in Resources */ = {isa = PBXBuildFile; fileRef = A46A8F0B1A314E1E005F6F9A /* yuyan_En.png */; };
		A46A8F491A314E1E005F6F9A /* yuyan_En_sel.png in Resources */ = {isa = PBXBuildFile; fileRef = A46A8F0C1A314E1E005F6F9A /* yuyan_En_sel.png */; };
		A46A8F4A1A314E1E005F6F9A /* yuyan_view.png in Resources */ = {isa = PBXBuildFile; fileRef = A46A8F0D1A314E1E005F6F9A /* yuyan_view.png */; };
		A488463E1A2817A2001B7532 /* main.mm in Sources */ = {isa = PBXBuildFile; fileRef = A488463D1A2817A2001B7532 /* main.mm */; };
		A48846411A2817A2001B7532 /* AppDelegate.m in Sources */ = {isa = PBXBuildFile; fileRef = A48846401A2817A2001B7532 /* AppDelegate.m */; };
		A48846471A2817A2001B7532 /* Main.storyboard in Resources */ = {isa = PBXBuildFile; fileRef = A48846451A2817A2001B7532 /* Main.storyboard */; };
		A48846491A2817A2001B7532 /* Images.xcassets in Resources */ = {isa = PBXBuildFile; fileRef = A48846481A2817A2001B7532 /* Images.xcassets */; };
		A48846581A2817A2001B7532 /* szoneTests.m in Sources */ = {isa = PBXBuildFile; fileRef = A48846571A2817A2001B7532 /* szoneTests.m */; };
		A48846691A28181E001B7532 /* ComboBox.m in Sources */ = {isa = PBXBuildFile; fileRef = A48846621A28181E001B7532 /* ComboBox.m */; };
		A488466A1A28181E001B7532 /* LoginVC.m in Sources */ = {isa = PBXBuildFile; fileRef = A48846641A28181E001B7532 /* LoginVC.m */; };
		A488466C1A28181E001B7532 /* UserInfoVC.m in Sources */ = {isa = PBXBuildFile; fileRef = A48846671A28181E001B7532 /* UserInfoVC.m */; };
		A488466D1A28181E001B7532 /* UserInfoVC.xib in Resources */ = {isa = PBXBuildFile; fileRef = A48846681A28181E001B7532 /* UserInfoVC.xib */; };
		A48846761A28187C001B7532 /* MainTabBarVC.mm in Sources */ = {isa = PBXBuildFile; fileRef = A48846701A28187C001B7532 /* MainTabBarVC.mm */; };
		A48846771A28187C001B7532 /* MainTabBarVC.xib in Resources */ = {isa = PBXBuildFile; fileRef = A48846711A28187C001B7532 /* MainTabBarVC.xib */; };
		A48846781A28187C001B7532 /* CustomTabButton.m in Sources */ = {isa = PBXBuildFile; fileRef = A48846731A28187C001B7532 /* CustomTabButton.m */; };
		A48846791A28187C001B7532 /* BaseNaviVC.m in Sources */ = {isa = PBXBuildFile; fileRef = A48846751A28187C001B7532 /* BaseNaviVC.m */; };
		A48846831A2818EB001B7532 /* PaizhaoVC.mm in Sources */ = {isa = PBXBuildFile; fileRef = A488467F1A2818EA001B7532 /* PaizhaoVC.mm */; };
		A48846841A2818EB001B7532 /* PaizhaoVC.xib in Resources */ = {isa = PBXBuildFile; fileRef = A48846801A2818EA001B7532 /* PaizhaoVC.xib */; };
		A488468F1A281903001B7532 /* CustomMoreCell.m in Sources */ = {isa = PBXBuildFile; fileRef = A48846861A281903001B7532 /* CustomMoreCell.m */; };
		A48846901A281903001B7532 /* CustomMoreCell.xib in Resources */ = {isa = PBXBuildFile; fileRef = A48846871A281903001B7532 /* CustomMoreCell.xib */; };
		A48846911A281903001B7532 /* MoreTableVC.m in Sources */ = {isa = PBXBuildFile; fileRef = A48846891A281903001B7532 /* MoreTableVC.m */; };
		A48846921A281903001B7532 /* MoreTableVC.xib in Resources */ = {isa = PBXBuildFile; fileRef = A488468A1A281903001B7532 /* MoreTableVC.xib */; };
		A48846931A281903001B7532 /* UploadVC.m in Sources */ = {isa = PBXBuildFile; fileRef = A488468C1A281903001B7532 /* UploadVC.m */; };
		A48846941A281903001B7532 /* UploadView.m in Sources */ = {isa = PBXBuildFile; fileRef = A488468E1A281903001B7532 /* UploadView.m */; };
		A488473A1A281B9D001B7532 /* QuartzCore.framework in Frameworks */ = {isa = PBXBuildFile; fileRef = A48847391A281B9D001B7532 /* QuartzCore.framework */; };
		A488473C1A281BAA001B7532 /* CoreGraphics.framework in Frameworks */ = {isa = PBXBuildFile; fileRef = A488473B1A281BAA001B7532 /* CoreGraphics.framework */; };
		A488473E1A281BC0001B7532 /* Foundation.framework in Frameworks */ = {isa = PBXBuildFile; fileRef = A488473D1A281BC0001B7532 /* Foundation.framework */; };
		A48847401A281BCC001B7532 /* UIKit.framework in Frameworks */ = {isa = PBXBuildFile; fileRef = A488473F1A281BCC001B7532 /* UIKit.framework */; };
		A48847421A281BDB001B7532 /* MediaPlayer.framework in Frameworks */ = {isa = PBXBuildFile; fileRef = A48847411A281BDB001B7532 /* MediaPlayer.framework */; };
		A48847441A281BED001B7532 /* CoreMotion.framework in Frameworks */ = {isa = PBXBuildFile; fileRef = A48847431A281BED001B7532 /* CoreMotion.framework */; };
		A48847461A281BFD001B7532 /* AVFoundation.framework in Frameworks */ = {isa = PBXBuildFile; fileRef = A48847451A281BFD001B7532 /* AVFoundation.framework */; };
		A48847481A281C0D001B7532 /* AudioToolbox.framework in Frameworks */ = {isa = PBXBuildFile; fileRef = A48847471A281C0D001B7532 /* AudioToolbox.framework */; };
		A49A40B61A35417D00885709 /* SVProgressHUD.bundle in Resources */ = {isa = PBXBuildFile; fileRef = A49A40B21A35417D00885709 /* SVProgressHUD.bundle */; };
		A49A40B71A35417D00885709 /* SVProgressHUD.m in Sources */ = {isa = PBXBuildFile; fileRef = A49A40B41A35417D00885709 /* SVProgressHUD.m */; };
		A49A40C31A357AA800885709 /* UIView+Toast.m in Sources */ = {isa = PBXBuildFile; fileRef = A49A40C21A357AA800885709 /* UIView+Toast.m */; };
		A4E05AB31A2EEA1A00982CC5 /* MobileCoreServices.framework in Frameworks */ = {isa = PBXBuildFile; fileRef = A4E05AAF1A2EEA1A00982CC5 /* MobileCoreServices.framework */; };
		A4E05AB41A2EEA1A00982CC5 /* SystemConfiguration.framework in Frameworks */ = {isa = PBXBuildFile; fileRef = A4E05AB01A2EEA1A00982CC5 /* SystemConfiguration.framework */; };
		A4E05AB51A2EEA1A00982CC5 /* Security.framework in Frameworks */ = {isa = PBXBuildFile; fileRef = A4E05AB11A2EEA1A00982CC5 /* Security.framework */; };
		A4E05AB61A2EEA1A00982CC5 /* CoreLocation.framework in Frameworks */ = {isa = PBXBuildFile; fileRef = A4E05AB21A2EEA1A00982CC5 /* CoreLocation.framework */; };
/* End PBXBuildFile section */

/* Begin PBXContainerItemProxy section */
		A48846521A2817A2001B7532 /* PBXContainerItemProxy */ = {
			isa = PBXContainerItemProxy;
			containerPortal = A48846301A2817A2001B7532 /* Project object */;
			proxyType = 1;
			remoteGlobalIDString = A48846371A2817A2001B7532;
			remoteInfo = szone;
		};
/* End PBXContainerItemProxy section */

/* Begin PBXFileReference section */
		A4022C2B1A2C4EEA0042609B /* PhotoCollectionVC.h */ = {isa = PBXFileReference; fileEncoding = 4; lastKnownFileType = sourcecode.c.h; path = PhotoCollectionVC.h; sourceTree = "<group>"; };
		A4022C2C1A2C4EEA0042609B /* PhotoCollectionVC.m */ = {isa = PBXFileReference; fileEncoding = 4; lastKnownFileType = sourcecode.c.objc; path = PhotoCollectionVC.m; sourceTree = "<group>"; };
		A4022C2D1A2C4EEA0042609B /* PhotoCollectionVC.xib */ = {isa = PBXFileReference; fileEncoding = 4; lastKnownFileType = file.xib; path = PhotoCollectionVC.xib; sourceTree = "<group>"; };
		A43A5FDC1A2DF18000A67ACB /* PhotoCollectionViewCell.h */ = {isa = PBXFileReference; fileEncoding = 4; lastKnownFileType = sourcecode.c.h; path = PhotoCollectionViewCell.h; sourceTree = "<group>"; };
		A43A5FDD1A2DF18000A67ACB /* PhotoCollectionViewCell.m */ = {isa = PBXFileReference; fileEncoding = 4; lastKnownFileType = sourcecode.c.objc; path = PhotoCollectionViewCell.m; sourceTree = "<group>"; };
		A447F9FA1A3EF2570081EF77 /* iCamera.h */ = {isa = PBXFileReference; fileEncoding = 4; lastKnownFileType = sourcecode.c.h; path = iCamera.h; sourceTree = "<group>"; };
		A447F9FB1A3EF2570081EF77 /* libiCamera.a */ = {isa = PBXFileReference; lastKnownFileType = archive.ar; path = libiCamera.a; sourceTree = "<group>"; };
		A46A8E671A314DE0005F6F9A /* AFHTTPRequestOperation.h */ = {isa = PBXFileReference; fileEncoding = 4; lastKnownFileType = sourcecode.c.h; path = AFHTTPRequestOperation.h; sourceTree = "<group>"; };
		A46A8E681A314DE0005F6F9A /* AFHTTPRequestOperation.m */ = {isa = PBXFileReference; fileEncoding = 4; lastKnownFileType = sourcecode.c.objc; path = AFHTTPRequestOperation.m; sourceTree = "<group>"; };
		A46A8E691A314DE0005F6F9A /* AFHTTPRequestOperationManager.h */ = {isa = PBXFileReference; fileEncoding = 4; lastKnownFileType = sourcecode.c.h; path = AFHTTPRequestOperationManager.h; sourceTree = "<group>"; };
		A46A8E6A1A314DE0005F6F9A /* AFHTTPRequestOperationManager.m */ = {isa = PBXFileReference; fileEncoding = 4; lastKnownFileType = sourcecode.c.objc; path = AFHTTPRequestOperationManager.m; sourceTree = "<group>"; };
		A46A8E6B1A314DE0005F6F9A /* AFHTTPSessionManager.h */ = {isa = PBXFileReference; fileEncoding = 4; lastKnownFileType = sourcecode.c.h; path = AFHTTPSessionManager.h; sourceTree = "<group>"; };
		A46A8E6C1A314DE0005F6F9A /* AFHTTPSessionManager.m */ = {isa = PBXFileReference; fileEncoding = 4; lastKnownFileType = sourcecode.c.objc; path = AFHTTPSessionManager.m; sourceTree = "<group>"; };
		A46A8E6D1A314DE0005F6F9A /* AFNetworking.h */ = {isa = PBXFileReference; fileEncoding = 4; lastKnownFileType = sourcecode.c.h; path = AFNetworking.h; sourceTree = "<group>"; };
		A46A8E6E1A314DE0005F6F9A /* AFNetworkReachabilityManager.h */ = {isa = PBXFileReference; fileEncoding = 4; lastKnownFileType = sourcecode.c.h; path = AFNetworkReachabilityManager.h; sourceTree = "<group>"; };
		A46A8E6F1A314DE0005F6F9A /* AFNetworkReachabilityManager.m */ = {isa = PBXFileReference; fileEncoding = 4; lastKnownFileType = sourcecode.c.objc; path = AFNetworkReachabilityManager.m; sourceTree = "<group>"; };
		A46A8E701A314DE0005F6F9A /* AFSecurityPolicy.h */ = {isa = PBXFileReference; fileEncoding = 4; lastKnownFileType = sourcecode.c.h; path = AFSecurityPolicy.h; sourceTree = "<group>"; };
		A46A8E711A314DE0005F6F9A /* AFSecurityPolicy.m */ = {isa = PBXFileReference; fileEncoding = 4; lastKnownFileType = sourcecode.c.objc; path = AFSecurityPolicy.m; sourceTree = "<group>"; };
		A46A8E721A314DE0005F6F9A /* AFURLConnectionOperation.h */ = {isa = PBXFileReference; fileEncoding = 4; lastKnownFileType = sourcecode.c.h; path = AFURLConnectionOperation.h; sourceTree = "<group>"; };
		A46A8E731A314DE0005F6F9A /* AFURLConnectionOperation.m */ = {isa = PBXFileReference; fileEncoding = 4; lastKnownFileType = sourcecode.c.objc; path = AFURLConnectionOperation.m; sourceTree = "<group>"; };
		A46A8E741A314DE0005F6F9A /* AFURLRequestSerialization.h */ = {isa = PBXFileReference; fileEncoding = 4; lastKnownFileType = sourcecode.c.h; path = AFURLRequestSerialization.h; sourceTree = "<group>"; };
		A46A8E751A314DE0005F6F9A /* AFURLRequestSerialization.m */ = {isa = PBXFileReference; fileEncoding = 4; lastKnownFileType = sourcecode.c.objc; path = AFURLRequestSerialization.m; sourceTree = "<group>"; };
		A46A8E761A314DE0005F6F9A /* AFURLResponseSerialization.h */ = {isa = PBXFileReference; fileEncoding = 4; lastKnownFileType = sourcecode.c.h; path = AFURLResponseSerialization.h; sourceTree = "<group>"; };
		A46A8E771A314DE0005F6F9A /* AFURLResponseSerialization.m */ = {isa = PBXFileReference; fileEncoding = 4; lastKnownFileType = sourcecode.c.objc; path = AFURLResponseSerialization.m; sourceTree = "<group>"; };
		A46A8E781A314DE0005F6F9A /* AFURLSessionManager.h */ = {isa = PBXFileReference; fileEncoding = 4; lastKnownFileType = sourcecode.c.h; path = AFURLSessionManager.h; sourceTree = "<group>"; };
		A46A8E791A314DE0005F6F9A /* AFURLSessionManager.m */ = {isa = PBXFileReference; fileEncoding = 4; lastKnownFileType = sourcecode.c.objc; path = AFURLSessionManager.m; sourceTree = "<group>"; };
		A46A8E7B1A314DE0005F6F9A /* CodingBase64.h */ = {isa = PBXFileReference; fileEncoding = 4; lastKnownFileType = sourcecode.c.h; path = CodingBase64.h; sourceTree = "<group>"; };
		A46A8E7C1A314DE0005F6F9A /* CodingBase64.m */ = {isa = PBXFileReference; fileEncoding = 4; lastKnownFileType = sourcecode.c.objc; path = CodingBase64.m; sourceTree = "<group>"; };
		A46A8E7D1A314DE0005F6F9A /* GTMBase64.h */ = {isa = PBXFileReference; fileEncoding = 4; lastKnownFileType = sourcecode.c.h; path = GTMBase64.h; sourceTree = "<group>"; };
		A46A8E7E1A314DE0005F6F9A /* GTMBase64.m */ = {isa = PBXFileReference; fileEncoding = 4; lastKnownFileType = sourcecode.c.objc; path = GTMBase64.m; sourceTree = "<group>"; };
		A46A8E7F1A314DE0005F6F9A /* GTMDefines.h */ = {isa = PBXFileReference; fileEncoding = 4; lastKnownFileType = sourcecode.c.h; path = GTMDefines.h; sourceTree = "<group>"; };
		A46A8E811A314DE0005F6F9A /* IQBarButtonItem.h */ = {isa = PBXFileReference; fileEncoding = 4; lastKnownFileType = sourcecode.c.h; path = IQBarButtonItem.h; sourceTree = "<group>"; };
		A46A8E821A314DE0005F6F9A /* IQBarButtonItem.m */ = {isa = PBXFileReference; fileEncoding = 4; lastKnownFileType = sourcecode.c.objc; path = IQBarButtonItem.m; sourceTree = "<group>"; };
		A46A8E831A314DE0005F6F9A /* IQKeyboardManager.bundle */ = {isa = PBXFileReference; lastKnownFileType = "wrapper.plug-in"; path = IQKeyboardManager.bundle; sourceTree = "<group>"; };
		A46A8E841A314DE0005F6F9A /* IQKeyboardManager.h */ = {isa = PBXFileReference; fileEncoding = 4; lastKnownFileType = sourcecode.c.h; path = IQKeyboardManager.h; sourceTree = "<group>"; };
		A46A8E851A314DE0005F6F9A /* IQKeyboardManager.m */ = {isa = PBXFileReference; fileEncoding = 4; lastKnownFileType = sourcecode.c.objc; path = IQKeyboardManager.m; sourceTree = "<group>"; };
		A46A8E861A314DE0005F6F9A /* IQKeyboardManagerConstants.h */ = {isa = PBXFileReference; fileEncoding = 4; lastKnownFileType = sourcecode.c.h; path = IQKeyboardManagerConstants.h; sourceTree = "<group>"; };
		A46A8E871A314DE0005F6F9A /* IQKeyboardManagerConstantsInternal.h */ = {isa = PBXFileReference; fileEncoding = 4; lastKnownFileType = sourcecode.c.h; path = IQKeyboardManagerConstantsInternal.h; sourceTree = "<group>"; };
		A46A8E881A314DE0005F6F9A /* IQKeyboardReturnKeyHandler.h */ = {isa = PBXFileReference; fileEncoding = 4; lastKnownFileType = sourcecode.c.h; path = IQKeyboardReturnKeyHandler.h; sourceTree = "<group>"; };
		A46A8E891A314DE0005F6F9A /* IQKeyboardReturnKeyHandler.m */ = {isa = PBXFileReference; fileEncoding = 4; lastKnownFileType = sourcecode.c.objc; path = IQKeyboardReturnKeyHandler.m; sourceTree = "<group>"; };
		A46A8E8A1A314DE0005F6F9A /* IQNSArray+Sort.h */ = {isa = PBXFileReference; fileEncoding = 4; lastKnownFileType = sourcecode.c.h; path = "IQNSArray+Sort.h"; sourceTree = "<group>"; };
		A46A8E8B1A314DE0005F6F9A /* IQNSArray+Sort.m */ = {isa = PBXFileReference; fileEncoding = 4; lastKnownFileType = sourcecode.c.objc; path = "IQNSArray+Sort.m"; sourceTree = "<group>"; };
		A46A8E8C1A314DE0005F6F9A /* IQSegmentedNextPrevious.h */ = {isa = PBXFileReference; fileEncoding = 4; lastKnownFileType = sourcecode.c.h; path = IQSegmentedNextPrevious.h; sourceTree = "<group>"; };
		A46A8E8D1A314DE0005F6F9A /* IQSegmentedNextPrevious.m */ = {isa = PBXFileReference; fileEncoding = 4; lastKnownFileType = sourcecode.c.objc; path = IQSegmentedNextPrevious.m; sourceTree = "<group>"; };
		A46A8E8E1A314DE0005F6F9A /* IQTextView.h */ = {isa = PBXFileReference; fileEncoding = 4; lastKnownFileType = sourcecode.c.h; path = IQTextView.h; sourceTree = "<group>"; };
		A46A8E8F1A314DE0005F6F9A /* IQTextView.m */ = {isa = PBXFileReference; fileEncoding = 4; lastKnownFileType = sourcecode.c.objc; path = IQTextView.m; sourceTree = "<group>"; };
		A46A8E901A314DE0005F6F9A /* IQTitleBarButtonItem.h */ = {isa = PBXFileReference; fileEncoding = 4; lastKnownFileType = sourcecode.c.h; path = IQTitleBarButtonItem.h; sourceTree = "<group>"; };
		A46A8E911A314DE0005F6F9A /* IQTitleBarButtonItem.m */ = {isa = PBXFileReference; fileEncoding = 4; lastKnownFileType = sourcecode.c.objc; path = IQTitleBarButtonItem.m; sourceTree = "<group>"; };
		A46A8E921A314DE0005F6F9A /* IQToolbar.h */ = {isa = PBXFileReference; fileEncoding = 4; lastKnownFileType = sourcecode.c.h; path = IQToolbar.h; sourceTree = "<group>"; };
		A46A8E931A314DE0005F6F9A /* IQToolbar.m */ = {isa = PBXFileReference; fileEncoding = 4; lastKnownFileType = sourcecode.c.objc; path = IQToolbar.m; sourceTree = "<group>"; };
		A46A8E941A314DE0005F6F9A /* IQUIView+Hierarchy.h */ = {isa = PBXFileReference; fileEncoding = 4; lastKnownFileType = sourcecode.c.h; path = "IQUIView+Hierarchy.h"; sourceTree = "<group>"; };
		A46A8E951A314DE0005F6F9A /* IQUIView+Hierarchy.m */ = {isa = PBXFileReference; fileEncoding = 4; lastKnownFileType = sourcecode.c.objc; path = "IQUIView+Hierarchy.m"; sourceTree = "<group>"; };
		A46A8E961A314DE0005F6F9A /* IQUIView+IQKeyboardToolbar.h */ = {isa = PBXFileReference; fileEncoding = 4; lastKnownFileType = sourcecode.c.h; path = "IQUIView+IQKeyboardToolbar.h"; sourceTree = "<group>"; };
		A46A8E971A314DE0005F6F9A /* IQUIView+IQKeyboardToolbar.m */ = {isa = PBXFileReference; fileEncoding = 4; lastKnownFileType = sourcecode.c.objc; path = "IQUIView+IQKeyboardToolbar.m"; sourceTree = "<group>"; };
		A46A8E981A314DE0005F6F9A /* IQUIWindow+Hierarchy.h */ = {isa = PBXFileReference; fileEncoding = 4; lastKnownFileType = sourcecode.c.h; path = "IQUIWindow+Hierarchy.h"; sourceTree = "<group>"; };
		A46A8E991A314DE0005F6F9A /* IQUIWindow+Hierarchy.m */ = {isa = PBXFileReference; fileEncoding = 4; lastKnownFileType = sourcecode.c.objc; path = "IQUIWindow+Hierarchy.m"; sourceTree = "<group>"; };
		A46A8E9A1A314DE0005F6F9A /* KeyboardManager.h */ = {isa = PBXFileReference; fileEncoding = 4; lastKnownFileType = sourcecode.c.h; path = KeyboardManager.h; sourceTree = "<group>"; };
		A46A8E9F1A314DE0005F6F9A /* AFNetworkActivityIndicatorManager.h */ = {isa = PBXFileReference; fileEncoding = 4; lastKnownFileType = sourcecode.c.h; path = AFNetworkActivityIndicatorManager.h; sourceTree = "<group>"; };
		A46A8EA01A314DE0005F6F9A /* AFNetworkActivityIndicatorManager.m */ = {isa = PBXFileReference; fileEncoding = 4; lastKnownFileType = sourcecode.c.objc; path = AFNetworkActivityIndicatorManager.m; sourceTree = "<group>"; };
		A46A8EA11A314DE0005F6F9A /* UIActivityIndicatorView+AFNetworking.h */ = {isa = PBXFileReference; fileEncoding = 4; lastKnownFileType = sourcecode.c.h; path = "UIActivityIndicatorView+AFNetworking.h"; sourceTree = "<group>"; };
		A46A8EA21A314DE0005F6F9A /* UIActivityIndicatorView+AFNetworking.m */ = {isa = PBXFileReference; fileEncoding = 4; lastKnownFileType = sourcecode.c.objc; path = "UIActivityIndicatorView+AFNetworking.m"; sourceTree = "<group>"; };
		A46A8EA31A314DE0005F6F9A /* UIAlertView+AFNetworking.h */ = {isa = PBXFileReference; fileEncoding = 4; lastKnownFileType = sourcecode.c.h; path = "UIAlertView+AFNetworking.h"; sourceTree = "<group>"; };
		A46A8EA41A314DE0005F6F9A /* UIAlertView+AFNetworking.m */ = {isa = PBXFileReference; fileEncoding = 4; lastKnownFileType = sourcecode.c.objc; path = "UIAlertView+AFNetworking.m"; sourceTree = "<group>"; };
		A46A8EA51A314DE0005F6F9A /* UIButton+AFNetworking.h */ = {isa = PBXFileReference; fileEncoding = 4; lastKnownFileType = sourcecode.c.h; path = "UIButton+AFNetworking.h"; sourceTree = "<group>"; };
		A46A8EA61A314DE0005F6F9A /* UIButton+AFNetworking.m */ = {isa = PBXFileReference; fileEncoding = 4; lastKnownFileType = sourcecode.c.objc; path = "UIButton+AFNetworking.m"; sourceTree = "<group>"; };
		A46A8EA71A314DE0005F6F9A /* UIImageView+AFNetworking.h */ = {isa = PBXFileReference; fileEncoding = 4; lastKnownFileType = sourcecode.c.h; path = "UIImageView+AFNetworking.h"; sourceTree = "<group>"; };
		A46A8EA81A314DE0005F6F9A /* UIImageView+AFNetworking.m */ = {isa = PBXFileReference; fileEncoding = 4; lastKnownFileType = sourcecode.c.objc; path = "UIImageView+AFNetworking.m"; sourceTree = "<group>"; };
		A46A8EA91A314DE0005F6F9A /* UIKit+AFNetworking.h */ = {isa = PBXFileReference; fileEncoding = 4; lastKnownFileType = sourcecode.c.h; path = "UIKit+AFNetworking.h"; sourceTree = "<group>"; };
		A46A8EAA1A314DE0005F6F9A /* UIProgressView+AFNetworking.h */ = {isa = PBXFileReference; fileEncoding = 4; lastKnownFileType = sourcecode.c.h; path = "UIProgressView+AFNetworking.h"; sourceTree = "<group>"; };
		A46A8EAB1A314DE0005F6F9A /* UIProgressView+AFNetworking.m */ = {isa = PBXFileReference; fileEncoding = 4; lastKnownFileType = sourcecode.c.objc; path = "UIProgressView+AFNetworking.m"; sourceTree = "<group>"; };
		A46A8EAC1A314DE0005F6F9A /* UIRefreshControl+AFNetworking.h */ = {isa = PBXFileReference; fileEncoding = 4; lastKnownFileType = sourcecode.c.h; path = "UIRefreshControl+AFNetworking.h"; sourceTree = "<group>"; };
		A46A8EAD1A314DE0005F6F9A /* UIRefreshControl+AFNetworking.m */ = {isa = PBXFileReference; fileEncoding = 4; lastKnownFileType = sourcecode.c.objc; path = "UIRefreshControl+AFNetworking.m"; sourceTree = "<group>"; };
		A46A8EAE1A314DE0005F6F9A /* UIWebView+AFNetworking.h */ = {isa = PBXFileReference; fileEncoding = 4; lastKnownFileType = sourcecode.c.h; path = "UIWebView+AFNetworking.h"; sourceTree = "<group>"; };
		A46A8EAF1A314DE0005F6F9A /* UIWebView+AFNetworking.m */ = {isa = PBXFileReference; fileEncoding = 4; lastKnownFileType = sourcecode.c.objc; path = "UIWebView+AFNetworking.m"; sourceTree = "<group>"; };
		A46A8ED11A314E1E005F6F9A /* back_btn.png */ = {isa = PBXFileReference; lastKnownFileType = image.png; path = back_btn.png; sourceTree = "<group>"; };
		A46A8ED21A314E1E005F6F9A /* beijing.png */ = {isa = PBXFileReference; lastKnownFileType = image.png; path = beijing.png; sourceTree = "<group>"; };
		A46A8ED31A314E1E005F6F9A /* beijing_349.png */ = {isa = PBXFileReference; lastKnownFileType = image.png; path = beijing_349.png; sourceTree = "<group>"; };
		A46A8ED41A314E1E005F6F9A /* beijing_518.png */ = {isa = PBXFileReference; lastKnownFileType = image.png; path = beijing_518.png; sourceTree = "<group>"; };
		A46A8ED51A314E1E005F6F9A /* black.png */ = {isa = PBXFileReference; lastKnownFileType = image.png; path = black.png; sourceTree = "<group>"; };
		A46A8ED61A314E1E005F6F9A /* btn_login.png */ = {isa = PBXFileReference; lastKnownFileType = image.png; path = btn_login.png; sourceTree = "<group>"; };
		A46A8ED71A314E1E005F6F9A /* btn_re.png */ = {isa = PBXFileReference; lastKnownFileType = image.png; path = btn_re.png; sourceTree = "<group>"; };
		A46A8ED81A314E1E005F6F9A /* cancel_btn.png */ = {isa = PBXFileReference; lastKnownFileType = image.png; path = cancel_btn.png; sourceTree = "<group>"; };
		A46A8ED91A314E1E005F6F9A /* cell_about_illness.png */ = {isa = PBXFileReference; lastKnownFileType = image.png; path = cell_about_illness.png; sourceTree = "<group>"; };
		A46A8EDA1A314E1E005F6F9A /* cell_about_us.png */ = {isa = PBXFileReference; lastKnownFileType = image.png; path = cell_about_us.png; sourceTree = "<group>"; };
		A46A8EDB1A314E1E005F6F9A /* cell_case.png */ = {isa = PBXFileReference; lastKnownFileType = image.png; path = cell_case.png; sourceTree = "<group>"; };
		A46A8EDC1A314E1E005F6F9A /* cell_device.png */ = {isa = PBXFileReference; lastKnownFileType = image.png; path = cell_device.png; sourceTree = "<group>"; };
		A46A8EDD1A314E1E005F6F9A /* cell_exist.png */ = {isa = PBXFileReference; lastKnownFileType = image.png; path = cell_exist.png; sourceTree = "<group>"; };
		A46A8EDE1A314E1E005F6F9A /* cell_help.png */ = {isa = PBXFileReference; lastKnownFileType = image.png; path = cell_help.png; sourceTree = "<group>"; };
		A46A8EDF1A314E1E005F6F9A /* cell_jiantou.png */ = {isa = PBXFileReference; lastKnownFileType = image.png; path = cell_jiantou.png; sourceTree = "<group>"; };
		A46A8EE01A314E1E005F6F9A /* cell_share.png */ = {isa = PBXFileReference; lastKnownFileType = image.png; path = cell_share.png; sourceTree = "<group>"; };
		A46A8EE11A314E1E005F6F9A /* cell_upload.png */ = {isa = PBXFileReference; lastKnownFileType = image.png; path = cell_upload.png; sourceTree = "<group>"; };
		A46A8EE21A314E1E005F6F9A /* cell_userInfo.png */ = {isa = PBXFileReference; lastKnownFileType = image.png; path = cell_userInfo.png; sourceTree = "<group>"; };
		A46A8EE31A314E1E005F6F9A /* close_btn.png */ = {isa = PBXFileReference; lastKnownFileType = image.png; path = close_btn.png; sourceTree = "<group>"; };
		A46A8EE41A314E1E005F6F9A /* commit_btn.png */ = {isa = PBXFileReference; lastKnownFileType = image.png; path = commit_btn.png; sourceTree = "<group>"; };
		A46A8EE51A314E1E005F6F9A /* company.png */ = {isa = PBXFileReference; lastKnownFileType = image.png; path = company.png; sourceTree = "<group>"; };
		A46A8EE61A314E1E005F6F9A /* cover_view.png */ = {isa = PBXFileReference; lastKnownFileType = image.png; path = cover_view.png; sourceTree = "<group>"; };
		A46A8EE71A314E1E005F6F9A /* head.png */ = {isa = PBXFileReference; lastKnownFileType = image.png; path = head.png; sourceTree = "<group>"; };
		A46A8EE81A314E1E005F6F9A /* icon.png */ = {isa = PBXFileReference; lastKnownFileType = image.png; path = icon.png; sourceTree = "<group>"; };
		A46A8EE91A314E1E005F6F9A /* icon120.png */ = {isa = PBXFileReference; lastKnownFileType = image.png; path = icon120.png; sourceTree = "<group>"; };
		A46A8EEA1A314E1E005F6F9A /* icon58.png */ = {isa = PBXFileReference; lastKnownFileType = image.png; path = icon58.png; sourceTree = "<group>"; };
		A46A8EEB1A314E1E005F6F9A /* icon@2x.png */ = {isa = PBXFileReference; lastKnownFileType = image.png; path = "icon@2x.png"; sourceTree = "<group>"; };
		A46A8EEC1A314E1E005F6F9A /* image_divide.png */ = {isa = PBXFileReference; lastKnownFileType = image.png; path = image_divide.png; sourceTree = "<group>"; };
		A46A8EED1A314E1E005F6F9A /* jiantou.png */ = {isa = PBXFileReference; lastKnownFileType = image.png; path = jiantou.png; sourceTree = "<group>"; };
		A46A8EEE1A314E1E005F6F9A /* logo.png */ = {isa = PBXFileReference; lastKnownFileType = image.png; path = logo.png; sourceTree = "<group>"; };
		A46A8EEF1A314E1E005F6F9A /* navi_bar@2x.png */ = {isa = PBXFileReference; lastKnownFileType = image.png; path = "navi_bar@2x.png"; sourceTree = "<group>"; };
		A46A8EF01A314E1E005F6F9A /* selectedColleView@2x.png */ = {isa = PBXFileReference; lastKnownFileType = image.png; path = "selectedColleView@2x.png"; sourceTree = "<group>"; };
		A46A8EF11A314E1E005F6F9A /* sex.png */ = {isa = PBXFileReference; lastKnownFileType = image.png; path = sex.png; sourceTree = "<group>"; };
		A46A8EF21A314E1E005F6F9A /* sex_sel.png */ = {isa = PBXFileReference; lastKnownFileType = image.png; path = sex_sel.png; sourceTree = "<group>"; };
		A46A8EF31A314E1E005F6F9A /* shurukuang.png */ = {isa = PBXFileReference; lastKnownFileType = image.png; path = shurukuang.png; sourceTree = "<group>"; };
		A46A8EF41A314E1E005F6F9A /* tabbar_bg@2x.png */ = {isa = PBXFileReference; lastKnownFileType = image.png; path = "tabbar_bg@2x.png"; sourceTree = "<group>"; };
		A46A8EF51A314E1E005F6F9A /* tabbar_more.png */ = {isa = PBXFileReference; lastKnownFileType = image.png; path = tabbar_more.png; sourceTree = "<group>"; };
		A46A8EF61A314E1E005F6F9A /* tabbar_more_en.png */ = {isa = PBXFileReference; lastKnownFileType = image.png; path = tabbar_more_en.png; sourceTree = "<group>"; };
		A46A8EF71A314E1E005F6F9A /* tabbar_more_sel.png */ = {isa = PBXFileReference; lastKnownFileType = image.png; path = tabbar_more_sel.png; sourceTree = "<group>"; };
		A46A8EF81A314E1E005F6F9A /* tabbar_more_selen.png */ = {isa = PBXFileReference; lastKnownFileType = image.png; path = tabbar_more_selen.png; sourceTree = "<group>"; };
		A46A8EF91A314E1E005F6F9A /* tabbar_paizhao.png */ = {isa = PBXFileReference; lastKnownFileType = image.png; path = tabbar_paizhao.png; sourceTree = "<group>"; };
		A46A8EFA1A314E1E005F6F9A /* tabbar_paizhao_en.png */ = {isa = PBXFileReference; lastKnownFileType = image.png; path = tabbar_paizhao_en.png; sourceTree = "<group>"; };
		A46A8EFB1A314E1E005F6F9A /* tabbar_paizhao_sel.png */ = {isa = PBXFileReference; lastKnownFileType = image.png; path = tabbar_paizhao_sel.png; sourceTree = "<group>"; };
		A46A8EFC1A314E1E005F6F9A /* tabbar_paizhao_selen.png */ = {isa = PBXFileReference; lastKnownFileType = image.png; path = tabbar_paizhao_selen.png; sourceTree = "<group>"; };
		A46A8EFD1A314E1E005F6F9A /* tabbar_tupian.png */ = {isa = PBXFileReference; lastKnownFileType = image.png; path = tabbar_tupian.png; sourceTree = "<group>"; };
		A46A8EFE1A314E1E005F6F9A /* tabbar_tupian_en.png */ = {isa = PBXFileReference; lastKnownFileType = image.png; path = tabbar_tupian_en.png; sourceTree = "<group>"; };
		A46A8EFF1A314E1E005F6F9A /* tabbar_tupian_sel.png */ = {isa = PBXFileReference; lastKnownFileType = image.png; path = tabbar_tupian_sel.png; sourceTree = "<group>"; };
		A46A8F001A314E1E005F6F9A /* tabbar_tupian_selen.png */ = {isa = PBXFileReference; lastKnownFileType = image.png; path = tabbar_tupian_selen.png; sourceTree = "<group>"; };
		A46A8F011A314E1E005F6F9A /* text_long.png */ = {isa = PBXFileReference; lastKnownFileType = image.png; path = text_long.png; sourceTree = "<group>"; };
		A46A8F021A314E1E005F6F9A /* text_medicine.png */ = {isa = PBXFileReference; lastKnownFileType = image.png; path = text_medicine.png; sourceTree = "<group>"; };
		A46A8F031A314E1E005F6F9A /* tishikuang.png */ = {isa = PBXFileReference; lastKnownFileType = image.png; path = tishikuang.png; sourceTree = "<group>"; };
		A46A8F041A314E1E005F6F9A /* user_word.png */ = {isa = PBXFileReference; lastKnownFileType = image.png; path = user_word.png; sourceTree = "<group>"; };
		A46A8F051A314E1E005F6F9A /* xiala.png */ = {isa = PBXFileReference; lastKnownFileType = image.png; path = xiala.png; sourceTree = "<group>"; };
		A46A8F061A314E1E005F6F9A /* xiala_sel.png */ = {isa = PBXFileReference; lastKnownFileType = image.png; path = xiala_sel.png; sourceTree = "<group>"; };
		A46A8F071A314E1E005F6F9A /* yuyan_btn.png */ = {isa = PBXFileReference; lastKnownFileType = image.png; path = yuyan_btn.png; sourceTree = "<group>"; };
		A46A8F081A314E1E005F6F9A /* yuyan_btn_sel.png */ = {isa = PBXFileReference; lastKnownFileType = image.png; path = yuyan_btn_sel.png; sourceTree = "<group>"; };
		A46A8F091A314E1E005F6F9A /* yuyan_cn.png */ = {isa = PBXFileReference; lastKnownFileType = image.png; path = yuyan_cn.png; sourceTree = "<group>"; };
		A46A8F0A1A314E1E005F6F9A /* yuyan_cn_sel.png */ = {isa = PBXFileReference; lastKnownFileType = image.png; path = yuyan_cn_sel.png; sourceTree = "<group>"; };
		A46A8F0B1A314E1E005F6F9A /* yuyan_En.png */ = {isa = PBXFileReference; lastKnownFileType = image.png; path = yuyan_En.png; sourceTree = "<group>"; };
		A46A8F0C1A314E1E005F6F9A /* yuyan_En_sel.png */ = {isa = PBXFileReference; lastKnownFileType = image.png; path = yuyan_En_sel.png; sourceTree = "<group>"; };
		A46A8F0D1A314E1E005F6F9A /* yuyan_view.png */ = {isa = PBXFileReference; lastKnownFileType = image.png; path = yuyan_view.png; sourceTree = "<group>"; };
		A48846381A2817A2001B7532 /* szone.app */ = {isa = PBXFileReference; explicitFileType = wrapper.application; includeInIndex = 0; path = szone.app; sourceTree = BUILT_PRODUCTS_DIR; };
		A488463C1A2817A2001B7532 /* Info.plist */ = {isa = PBXFileReference; lastKnownFileType = text.plist.xml; path = Info.plist; sourceTree = "<group>"; };
		A488463D1A2817A2001B7532 /* main.mm */ = {isa = PBXFileReference; lastKnownFileType = sourcecode.cpp.objcpp; path = main.mm; sourceTree = "<group>"; };
		A488463F1A2817A2001B7532 /* AppDelegate.h */ = {isa = PBXFileReference; lastKnownFileType = sourcecode.c.h; path = AppDelegate.h; sourceTree = "<group>"; };
		A48846401A2817A2001B7532 /* AppDelegate.m */ = {isa = PBXFileReference; lastKnownFileType = sourcecode.c.objc; path = AppDelegate.m; sourceTree = "<group>"; };
		A48846461A2817A2001B7532 /* Base */ = {isa = PBXFileReference; lastKnownFileType = file.storyboard; name = Base; path = Base.lproj/Main.storyboard; sourceTree = "<group>"; };
		A48846481A2817A2001B7532 /* Images.xcassets */ = {isa = PBXFileReference; lastKnownFileType = folder.assetcatalog; path = Images.xcassets; sourceTree = "<group>"; };
		A48846511A2817A2001B7532 /* szoneTests.xctest */ = {isa = PBXFileReference; explicitFileType = wrapper.cfbundle; includeInIndex = 0; path = szoneTests.xctest; sourceTree = BUILT_PRODUCTS_DIR; };
		A48846561A2817A2001B7532 /* Info.plist */ = {isa = PBXFileReference; lastKnownFileType = text.plist.xml; path = Info.plist; sourceTree = "<group>"; };
		A48846571A2817A2001B7532 /* szoneTests.m */ = {isa = PBXFileReference; lastKnownFileType = sourcecode.c.objc; path = szoneTests.m; sourceTree = "<group>"; };
		A48846611A28181E001B7532 /* ComboBox.h */ = {isa = PBXFileReference; fileEncoding = 4; lastKnownFileType = sourcecode.c.h; path = ComboBox.h; sourceTree = "<group>"; };
		A48846621A28181E001B7532 /* ComboBox.m */ = {isa = PBXFileReference; fileEncoding = 4; lastKnownFileType = sourcecode.c.objc; path = ComboBox.m; sourceTree = "<group>"; };
		A48846631A28181E001B7532 /* LoginVC.h */ = {isa = PBXFileReference; fileEncoding = 4; lastKnownFileType = sourcecode.c.h; path = LoginVC.h; sourceTree = "<group>"; };
		A48846641A28181E001B7532 /* LoginVC.m */ = {isa = PBXFileReference; fileEncoding = 4; lastKnownFileType = sourcecode.c.objc; path = LoginVC.m; sourceTree = "<group>"; };
		A48846661A28181E001B7532 /* UserInfoVC.h */ = {isa = PBXFileReference; fileEncoding = 4; lastKnownFileType = sourcecode.c.h; path = UserInfoVC.h; sourceTree = "<group>"; };
		A48846671A28181E001B7532 /* UserInfoVC.m */ = {isa = PBXFileReference; fileEncoding = 4; lastKnownFileType = sourcecode.c.objc; path = UserInfoVC.m; sourceTree = "<group>"; };
		A48846681A28181E001B7532 /* UserInfoVC.xib */ = {isa = PBXFileReference; fileEncoding = 4; lastKnownFileType = file.xib; path = UserInfoVC.xib; sourceTree = "<group>"; };
		A488466F1A28187C001B7532 /* MainTabBarVC.h */ = {isa = PBXFileReference; fileEncoding = 4; lastKnownFileType = sourcecode.c.h; path = MainTabBarVC.h; sourceTree = "<group>"; };
		A48846701A28187C001B7532 /* MainTabBarVC.mm */ = {isa = PBXFileReference; fileEncoding = 4; lastKnownFileType = sourcecode.cpp.objcpp; path = MainTabBarVC.mm; sourceTree = "<group>"; };
		A48846711A28187C001B7532 /* MainTabBarVC.xib */ = {isa = PBXFileReference; fileEncoding = 4; lastKnownFileType = file.xib; path = MainTabBarVC.xib; sourceTree = "<group>"; };
		A48846721A28187C001B7532 /* CustomTabButton.h */ = {isa = PBXFileReference; fileEncoding = 4; lastKnownFileType = sourcecode.c.h; path = CustomTabButton.h; sourceTree = "<group>"; };
		A48846731A28187C001B7532 /* CustomTabButton.m */ = {isa = PBXFileReference; fileEncoding = 4; lastKnownFileType = sourcecode.c.objc; path = CustomTabButton.m; sourceTree = "<group>"; };
		A48846741A28187C001B7532 /* BaseNaviVC.h */ = {isa = PBXFileReference; fileEncoding = 4; lastKnownFileType = sourcecode.c.h; path = BaseNaviVC.h; sourceTree = "<group>"; };
		A48846751A28187C001B7532 /* BaseNaviVC.m */ = {isa = PBXFileReference; fileEncoding = 4; lastKnownFileType = sourcecode.c.objc; path = BaseNaviVC.m; sourceTree = "<group>"; };
		A488467E1A2818EA001B7532 /* PaizhaoVC.h */ = {isa = PBXFileReference; fileEncoding = 4; lastKnownFileType = sourcecode.c.h; path = PaizhaoVC.h; sourceTree = "<group>"; };
		A488467F1A2818EA001B7532 /* PaizhaoVC.mm */ = {isa = PBXFileReference; fileEncoding = 4; lastKnownFileType = sourcecode.cpp.objcpp; path = PaizhaoVC.mm; sourceTree = "<group>"; };
		A48846801A2818EA001B7532 /* PaizhaoVC.xib */ = {isa = PBXFileReference; fileEncoding = 4; lastKnownFileType = file.xib; path = PaizhaoVC.xib; sourceTree = "<group>"; };
		A48846851A281903001B7532 /* CustomMoreCell.h */ = {isa = PBXFileReference; fileEncoding = 4; lastKnownFileType = sourcecode.c.h; path = CustomMoreCell.h; sourceTree = "<group>"; };
		A48846861A281903001B7532 /* CustomMoreCell.m */ = {isa = PBXFileReference; fileEncoding = 4; lastKnownFileType = sourcecode.c.objc; path = CustomMoreCell.m; sourceTree = "<group>"; };
		A48846871A281903001B7532 /* CustomMoreCell.xib */ = {isa = PBXFileReference; fileEncoding = 4; lastKnownFileType = file.xib; path = CustomMoreCell.xib; sourceTree = "<group>"; };
		A48846881A281903001B7532 /* MoreTableVC.h */ = {isa = PBXFileReference; fileEncoding = 4; lastKnownFileType = sourcecode.c.h; path = MoreTableVC.h; sourceTree = "<group>"; };
		A48846891A281903001B7532 /* MoreTableVC.m */ = {isa = PBXFileReference; fileEncoding = 4; lastKnownFileType = sourcecode.c.objc; path = MoreTableVC.m; sourceTree = "<group>"; };
		A488468A1A281903001B7532 /* MoreTableVC.xib */ = {isa = PBXFileReference; fileEncoding = 4; lastKnownFileType = file.xib; path = MoreTableVC.xib; sourceTree = "<group>"; };
		A488468B1A281903001B7532 /* UploadVC.h */ = {isa = PBXFileReference; fileEncoding = 4; lastKnownFileType = sourcecode.c.h; path = UploadVC.h; sourceTree = "<group>"; };
		A488468C1A281903001B7532 /* UploadVC.m */ = {isa = PBXFileReference; fileEncoding = 4; lastKnownFileType = sourcecode.c.objc; path = UploadVC.m; sourceTree = "<group>"; };
		A488468D1A281903001B7532 /* UploadView.h */ = {isa = PBXFileReference; fileEncoding = 4; lastKnownFileType = sourcecode.c.h; path = UploadView.h; sourceTree = "<group>"; };
		A488468E1A281903001B7532 /* UploadView.m */ = {isa = PBXFileReference; fileEncoding = 4; lastKnownFileType = sourcecode.c.objc; path = UploadView.m; sourceTree = "<group>"; };
		A48847391A281B9D001B7532 /* QuartzCore.framework */ = {isa = PBXFileReference; lastKnownFileType = wrapper.framework; name = QuartzCore.framework; path = System/Library/Frameworks/QuartzCore.framework; sourceTree = SDKROOT; };
		A488473B1A281BAA001B7532 /* CoreGraphics.framework */ = {isa = PBXFileReference; lastKnownFileType = wrapper.framework; name = CoreGraphics.framework; path = System/Library/Frameworks/CoreGraphics.framework; sourceTree = SDKROOT; };
		A488473D1A281BC0001B7532 /* Foundation.framework */ = {isa = PBXFileReference; lastKnownFileType = wrapper.framework; name = Foundation.framework; path = System/Library/Frameworks/Foundation.framework; sourceTree = SDKROOT; };
		A488473F1A281BCC001B7532 /* UIKit.framework */ = {isa = PBXFileReference; lastKnownFileType = wrapper.framework; name = UIKit.framework; path = System/Library/Frameworks/UIKit.framework; sourceTree = SDKROOT; };
		A48847411A281BDB001B7532 /* MediaPlayer.framework */ = {isa = PBXFileReference; lastKnownFileType = wrapper.framework; name = MediaPlayer.framework; path = System/Library/Frameworks/MediaPlayer.framework; sourceTree = SDKROOT; };
		A48847431A281BED001B7532 /* CoreMotion.framework */ = {isa = PBXFileReference; lastKnownFileType = wrapper.framework; name = CoreMotion.framework; path = System/Library/Frameworks/CoreMotion.framework; sourceTree = SDKROOT; };
		A48847451A281BFD001B7532 /* AVFoundation.framework */ = {isa = PBXFileReference; lastKnownFileType = wrapper.framework; name = AVFoundation.framework; path = System/Library/Frameworks/AVFoundation.framework; sourceTree = SDKROOT; };
		A48847471A281C0D001B7532 /* AudioToolbox.framework */ = {isa = PBXFileReference; lastKnownFileType = wrapper.framework; name = AudioToolbox.framework; path = System/Library/Frameworks/AudioToolbox.framework; sourceTree = SDKROOT; };
		A49A40B21A35417D00885709 /* SVProgressHUD.bundle */ = {isa = PBXFileReference; lastKnownFileType = "wrapper.plug-in"; path = SVProgressHUD.bundle; sourceTree = "<group>"; };
		A49A40B31A35417D00885709 /* SVProgressHUD.h */ = {isa = PBXFileReference; fileEncoding = 4; lastKnownFileType = sourcecode.c.h; path = SVProgressHUD.h; sourceTree = "<group>"; };
		A49A40B41A35417D00885709 /* SVProgressHUD.m */ = {isa = PBXFileReference; fileEncoding = 4; lastKnownFileType = sourcecode.c.objc; path = SVProgressHUD.m; sourceTree = "<group>"; };
		A49A40C11A357AA800885709 /* UIView+Toast.h */ = {isa = PBXFileReference; fileEncoding = 4; lastKnownFileType = sourcecode.c.h; path = "UIView+Toast.h"; sourceTree = "<group>"; };
		A49A40C21A357AA800885709 /* UIView+Toast.m */ = {isa = PBXFileReference; fileEncoding = 4; lastKnownFileType = sourcecode.c.objc; path = "UIView+Toast.m"; sourceTree = "<group>"; };
		A4E05AAF1A2EEA1A00982CC5 /* MobileCoreServices.framework */ = {isa = PBXFileReference; lastKnownFileType = wrapper.framework; name = MobileCoreServices.framework; path = System/Library/Frameworks/MobileCoreServices.framework; sourceTree = SDKROOT; };
		A4E05AB01A2EEA1A00982CC5 /* SystemConfiguration.framework */ = {isa = PBXFileReference; lastKnownFileType = wrapper.framework; name = SystemConfiguration.framework; path = System/Library/Frameworks/SystemConfiguration.framework; sourceTree = SDKROOT; };
		A4E05AB11A2EEA1A00982CC5 /* Security.framework */ = {isa = PBXFileReference; lastKnownFileType = wrapper.framework; name = Security.framework; path = System/Library/Frameworks/Security.framework; sourceTree = SDKROOT; };
		A4E05AB21A2EEA1A00982CC5 /* CoreLocation.framework */ = {isa = PBXFileReference; lastKnownFileType = wrapper.framework; name = CoreLocation.framework; path = System/Library/Frameworks/CoreLocation.framework; sourceTree = SDKROOT; };
/* End PBXFileReference section */

/* Begin PBXFrameworksBuildPhase section */
		A48846351A2817A2001B7532 /* Frameworks */ = {
			isa = PBXFrameworksBuildPhase;
			buildActionMask = 2147483647;
			files = (
				A447F9FC1A3EF2570081EF77 /* libiCamera.a in Frameworks */,
				A48847481A281C0D001B7532 /* AudioToolbox.framework in Frameworks */,
				A48847461A281BFD001B7532 /* AVFoundation.framework in Frameworks */,
				A4E05AB61A2EEA1A00982CC5 /* CoreLocation.framework in Frameworks */,
				A48847441A281BED001B7532 /* CoreMotion.framework in Frameworks */,
				A4E05AB31A2EEA1A00982CC5 /* MobileCoreServices.framework in Frameworks */,
				A48847421A281BDB001B7532 /* MediaPlayer.framework in Frameworks */,
				A48847401A281BCC001B7532 /* UIKit.framework in Frameworks */,
				A4E05AB41A2EEA1A00982CC5 /* SystemConfiguration.framework in Frameworks */,
				A488473E1A281BC0001B7532 /* Foundation.framework in Frameworks */,
				A488473C1A281BAA001B7532 /* CoreGraphics.framework in Frameworks */,
				A488473A1A281B9D001B7532 /* QuartzCore.framework in Frameworks */,
				A4E05AB51A2EEA1A00982CC5 /* Security.framework in Frameworks */,
			);
			runOnlyForDeploymentPostprocessing = 0;
		};
		A488464E1A2817A2001B7532 /* Frameworks */ = {
			isa = PBXFrameworksBuildPhase;
			buildActionMask = 2147483647;
			files = (
			);
			runOnlyForDeploymentPostprocessing = 0;
		};
/* End PBXFrameworksBuildPhase section */

/* Begin PBXGroup section */
		A447F9F91A3EF2570081EF77 /* lib */ = {
			isa = PBXGroup;
			children = (
				A447F9FA1A3EF2570081EF77 /* iCamera.h */,
				A447F9FB1A3EF2570081EF77 /* libiCamera.a */,
			);
			path = lib;
			sourceTree = SOURCE_ROOT;
		};
		A46A8E661A314DE0005F6F9A /* AFNetworking */ = {
			isa = PBXGroup;
			children = (
				A46A8E671A314DE0005F6F9A /* AFHTTPRequestOperation.h */,
				A46A8E681A314DE0005F6F9A /* AFHTTPRequestOperation.m */,
				A46A8E691A314DE0005F6F9A /* AFHTTPRequestOperationManager.h */,
				A46A8E6A1A314DE0005F6F9A /* AFHTTPRequestOperationManager.m */,
				A46A8E6B1A314DE0005F6F9A /* AFHTTPSessionManager.h */,
				A46A8E6C1A314DE0005F6F9A /* AFHTTPSessionManager.m */,
				A46A8E6D1A314DE0005F6F9A /* AFNetworking.h */,
				A46A8E6E1A314DE0005F6F9A /* AFNetworkReachabilityManager.h */,
				A46A8E6F1A314DE0005F6F9A /* AFNetworkReachabilityManager.m */,
				A46A8E701A314DE0005F6F9A /* AFSecurityPolicy.h */,
				A46A8E711A314DE0005F6F9A /* AFSecurityPolicy.m */,
				A46A8E721A314DE0005F6F9A /* AFURLConnectionOperation.h */,
				A46A8E731A314DE0005F6F9A /* AFURLConnectionOperation.m */,
				A46A8E741A314DE0005F6F9A /* AFURLRequestSerialization.h */,
				A46A8E751A314DE0005F6F9A /* AFURLRequestSerialization.m */,
				A46A8E761A314DE0005F6F9A /* AFURLResponseSerialization.h */,
				A46A8E771A314DE0005F6F9A /* AFURLResponseSerialization.m */,
				A46A8E781A314DE0005F6F9A /* AFURLSessionManager.h */,
				A46A8E791A314DE0005F6F9A /* AFURLSessionManager.m */,
			);
			path = AFNetworking;
			sourceTree = SOURCE_ROOT;
		};
		A46A8E7A1A314DE0005F6F9A /* GTMBase64 */ = {
			isa = PBXGroup;
			children = (
				A46A8E7B1A314DE0005F6F9A /* CodingBase64.h */,
				A46A8E7C1A314DE0005F6F9A /* CodingBase64.m */,
				A46A8E7D1A314DE0005F6F9A /* GTMBase64.h */,
				A46A8E7E1A314DE0005F6F9A /* GTMBase64.m */,
				A46A8E7F1A314DE0005F6F9A /* GTMDefines.h */,
			);
			path = GTMBase64;
			sourceTree = SOURCE_ROOT;
		};
		A46A8E801A314DE0005F6F9A /* IQKeyBoardManager */ = {
			isa = PBXGroup;
			children = (
				A46A8E811A314DE0005F6F9A /* IQBarButtonItem.h */,
				A46A8E821A314DE0005F6F9A /* IQBarButtonItem.m */,
				A46A8E831A314DE0005F6F9A /* IQKeyboardManager.bundle */,
				A46A8E841A314DE0005F6F9A /* IQKeyboardManager.h */,
				A46A8E851A314DE0005F6F9A /* IQKeyboardManager.m */,
				A46A8E861A314DE0005F6F9A /* IQKeyboardManagerConstants.h */,
				A46A8E871A314DE0005F6F9A /* IQKeyboardManagerConstantsInternal.h */,
				A46A8E881A314DE0005F6F9A /* IQKeyboardReturnKeyHandler.h */,
				A46A8E891A314DE0005F6F9A /* IQKeyboardReturnKeyHandler.m */,
				A46A8E8A1A314DE0005F6F9A /* IQNSArray+Sort.h */,
				A46A8E8B1A314DE0005F6F9A /* IQNSArray+Sort.m */,
				A46A8E8C1A314DE0005F6F9A /* IQSegmentedNextPrevious.h */,
				A46A8E8D1A314DE0005F6F9A /* IQSegmentedNextPrevious.m */,
				A46A8E8E1A314DE0005F6F9A /* IQTextView.h */,
				A46A8E8F1A314DE0005F6F9A /* IQTextView.m */,
				A46A8E901A314DE0005F6F9A /* IQTitleBarButtonItem.h */,
				A46A8E911A314DE0005F6F9A /* IQTitleBarButtonItem.m */,
				A46A8E921A314DE0005F6F9A /* IQToolbar.h */,
				A46A8E931A314DE0005F6F9A /* IQToolbar.m */,
				A46A8E941A314DE0005F6F9A /* IQUIView+Hierarchy.h */,
				A46A8E951A314DE0005F6F9A /* IQUIView+Hierarchy.m */,
				A46A8E961A314DE0005F6F9A /* IQUIView+IQKeyboardToolbar.h */,
				A46A8E971A314DE0005F6F9A /* IQUIView+IQKeyboardToolbar.m */,
				A46A8E981A314DE0005F6F9A /* IQUIWindow+Hierarchy.h */,
				A46A8E991A314DE0005F6F9A /* IQUIWindow+Hierarchy.m */,
				A46A8E9A1A314DE0005F6F9A /* KeyboardManager.h */,
			);
			path = IQKeyBoardManager;
			sourceTree = SOURCE_ROOT;
		};
		A46A8E9E1A314DE0005F6F9A /* UIKit+AFNetworking */ = {
			isa = PBXGroup;
			children = (
				A46A8E9F1A314DE0005F6F9A /* AFNetworkActivityIndicatorManager.h */,
				A46A8EA01A314DE0005F6F9A /* AFNetworkActivityIndicatorManager.m */,
				A46A8EA11A314DE0005F6F9A /* UIActivityIndicatorView+AFNetworking.h */,
				A46A8EA21A314DE0005F6F9A /* UIActivityIndicatorView+AFNetworking.m */,
				A46A8EA31A314DE0005F6F9A /* UIAlertView+AFNetworking.h */,
				A46A8EA41A314DE0005F6F9A /* UIAlertView+AFNetworking.m */,
				A46A8EA51A314DE0005F6F9A /* UIButton+AFNetworking.h */,
				A46A8EA61A314DE0005F6F9A /* UIButton+AFNetworking.m */,
				A46A8EA71A314DE0005F6F9A /* UIImageView+AFNetworking.h */,
				A46A8EA81A314DE0005F6F9A /* UIImageView+AFNetworking.m */,
				A46A8EA91A314DE0005F6F9A /* UIKit+AFNetworking.h */,
				A46A8EAA1A314DE0005F6F9A /* UIProgressView+AFNetworking.h */,
				A46A8EAB1A314DE0005F6F9A /* UIProgressView+AFNetworking.m */,
				A46A8EAC1A314DE0005F6F9A /* UIRefreshControl+AFNetworking.h */,
				A46A8EAD1A314DE0005F6F9A /* UIRefreshControl+AFNetworking.m */,
				A46A8EAE1A314DE0005F6F9A /* UIWebView+AFNetworking.h */,
				A46A8EAF1A314DE0005F6F9A /* UIWebView+AFNetworking.m */,
			);
			path = "UIKit+AFNetworking";
			sourceTree = SOURCE_ROOT;
		};
		A46A8ED01A314E1E005F6F9A /* resources */ = {
			isa = PBXGroup;
			children = (
				A46A8ED11A314E1E005F6F9A /* back_btn.png */,
				A46A8ED21A314E1E005F6F9A /* beijing.png */,
				A46A8ED31A314E1E005F6F9A /* beijing_349.png */,
				A46A8ED41A314E1E005F6F9A /* beijing_518.png */,
				A46A8ED51A314E1E005F6F9A /* black.png */,
				A46A8ED61A314E1E005F6F9A /* btn_login.png */,
				A46A8ED71A314E1E005F6F9A /* btn_re.png */,
				A46A8ED81A314E1E005F6F9A /* cancel_btn.png */,
				A46A8ED91A314E1E005F6F9A /* cell_about_illness.png */,
				A46A8EDA1A314E1E005F6F9A /* cell_about_us.png */,
				A46A8EDB1A314E1E005F6F9A /* cell_case.png */,
				A46A8EDC1A314E1E005F6F9A /* cell_device.png */,
				A46A8EDD1A314E1E005F6F9A /* cell_exist.png */,
				A46A8EDE1A314E1E005F6F9A /* cell_help.png */,
				A46A8EDF1A314E1E005F6F9A /* cell_jiantou.png */,
				A46A8EE01A314E1E005F6F9A /* cell_share.png */,
				A46A8EE11A314E1E005F6F9A /* cell_upload.png */,
				A46A8EE21A314E1E005F6F9A /* cell_userInfo.png */,
				A46A8EE31A314E1E005F6F9A /* close_btn.png */,
				A46A8EE41A314E1E005F6F9A /* commit_btn.png */,
				A46A8EE51A314E1E005F6F9A /* company.png */,
				A46A8EE61A314E1E005F6F9A /* cover_view.png */,
				A46A8EE71A314E1E005F6F9A /* head.png */,
				A46A8EE81A314E1E005F6F9A /* icon.png */,
				A46A8EE91A314E1E005F6F9A /* icon120.png */,
				A46A8EEA1A314E1E005F6F9A /* icon58.png */,
				A46A8EEB1A314E1E005F6F9A /* icon@2x.png */,
				A46A8EEC1A314E1E005F6F9A /* image_divide.png */,
				A46A8EED1A314E1E005F6F9A /* jiantou.png */,
				A46A8EEE1A314E1E005F6F9A /* logo.png */,
				A46A8EEF1A314E1E005F6F9A /* navi_bar@2x.png */,
				A46A8EF01A314E1E005F6F9A /* selectedColleView@2x.png */,
				A46A8EF11A314E1E005F6F9A /* sex.png */,
				A46A8EF21A314E1E005F6F9A /* sex_sel.png */,
				A46A8EF31A314E1E005F6F9A /* shurukuang.png */,
				A46A8EF41A314E1E005F6F9A /* tabbar_bg@2x.png */,
				A46A8EF51A314E1E005F6F9A /* tabbar_more.png */,
				A46A8EF61A314E1E005F6F9A /* tabbar_more_en.png */,
				A46A8EF71A314E1E005F6F9A /* tabbar_more_sel.png */,
				A46A8EF81A314E1E005F6F9A /* tabbar_more_selen.png */,
				A46A8EF91A314E1E005F6F9A /* tabbar_paizhao.png */,
				A46A8EFA1A314E1E005F6F9A /* tabbar_paizhao_en.png */,
				A46A8EFB1A314E1E005F6F9A /* tabbar_paizhao_sel.png */,
				A46A8EFC1A314E1E005F6F9A /* tabbar_paizhao_selen.png */,
				A46A8EFD1A314E1E005F6F9A /* tabbar_tupian.png */,
				A46A8EFE1A314E1E005F6F9A /* tabbar_tupian_en.png */,
				A46A8EFF1A314E1E005F6F9A /* tabbar_tupian_sel.png */,
				A46A8F001A314E1E005F6F9A /* tabbar_tupian_selen.png */,
				A46A8F011A314E1E005F6F9A /* text_long.png */,
				A46A8F021A314E1E005F6F9A /* text_medicine.png */,
				A46A8F031A314E1E005F6F9A /* tishikuang.png */,
				A46A8F041A314E1E005F6F9A /* user_word.png */,
				A46A8F051A314E1E005F6F9A /* xiala.png */,
				A46A8F061A314E1E005F6F9A /* xiala_sel.png */,
				A46A8F071A314E1E005F6F9A /* yuyan_btn.png */,
				A46A8F081A314E1E005F6F9A /* yuyan_btn_sel.png */,
				A46A8F091A314E1E005F6F9A /* yuyan_cn.png */,
				A46A8F0A1A314E1E005F6F9A /* yuyan_cn_sel.png */,
				A46A8F0B1A314E1E005F6F9A /* yuyan_En.png */,
				A46A8F0C1A314E1E005F6F9A /* yuyan_En_sel.png */,
				A46A8F0D1A314E1E005F6F9A /* yuyan_view.png */,
			);
			path = resources;
			sourceTree = SOURCE_ROOT;
		};
		A488462F1A2817A2001B7532 = {
			isa = PBXGroup;
			children = (
				A488463A1A2817A2001B7532 /* szone */,
				A48846541A2817A2001B7532 /* szoneTests */,
				A48846391A2817A2001B7532 /* Products */,
			);
			sourceTree = "<group>";
		};
		A48846391A2817A2001B7532 /* Products */ = {
			isa = PBXGroup;
			children = (
				A48846381A2817A2001B7532 /* szone.app */,
				A48846511A2817A2001B7532 /* szoneTests.xctest */,
			);
			name = Products;
			sourceTree = "<group>";
		};
		A488463A1A2817A2001B7532 /* szone */ = {
			isa = PBXGroup;
			children = (
				A48846451A2817A2001B7532 /* Main.storyboard */,
				A488463F1A2817A2001B7532 /* AppDelegate.h */,
				A48846401A2817A2001B7532 /* AppDelegate.m */,
				A48D7D4D1A2FF4230060F1C8 /* Utils */,
				A488466E1A28183C001B7532 /* userVC */,
				A488467A1A2818A2001B7532 /* mainBaseVC */,
				A43A5FDC1A2DF18000A67ACB /* PhotoCollectionViewCell.h */,
				A43A5FDD1A2DF18000A67ACB /* PhotoCollectionViewCell.m */,
				A4022C2B1A2C4EEA0042609B /* PhotoCollectionVC.h */,
				A4022C2C1A2C4EEA0042609B /* PhotoCollectionVC.m */,
				A4022C2D1A2C4EEA0042609B /* PhotoCollectionVC.xib */,
				A488467E1A2818EA001B7532 /* PaizhaoVC.h */,
				A488467F1A2818EA001B7532 /* PaizhaoVC.mm */,
				A48846801A2818EA001B7532 /* PaizhaoVC.xib */,
				A48846851A281903001B7532 /* CustomMoreCell.h */,
				A48846861A281903001B7532 /* CustomMoreCell.m */,
				A48846871A281903001B7532 /* CustomMoreCell.xib */,
				A48846881A281903001B7532 /* MoreTableVC.h */,
				A48846891A281903001B7532 /* MoreTableVC.m */,
				A488468A1A281903001B7532 /* MoreTableVC.xib */,
				A488468B1A281903001B7532 /* UploadVC.h */,
				A488468C1A281903001B7532 /* UploadVC.m */,
				A488468D1A281903001B7532 /* UploadView.h */,
				A488468E1A281903001B7532 /* UploadView.m */,
				A46A8ED01A314E1E005F6F9A /* resources */,
				A48846481A2817A2001B7532 /* Images.xcassets */,
				A488463B1A2817A2001B7532 /* Supporting Files */,
			);
			path = szone;
			sourceTree = "<group>";
		};
		A488463B1A2817A2001B7532 /* Supporting Files */ = {
			isa = PBXGroup;
			children = (
				A4E05AAF1A2EEA1A00982CC5 /* MobileCoreServices.framework */,
				A4E05AB01A2EEA1A00982CC5 /* SystemConfiguration.framework */,
				A4E05AB11A2EEA1A00982CC5 /* Security.framework */,
				A4E05AB21A2EEA1A00982CC5 /* CoreLocation.framework */,
				A48847471A281C0D001B7532 /* AudioToolbox.framework */,
				A48847451A281BFD001B7532 /* AVFoundation.framework */,
				A48847431A281BED001B7532 /* CoreMotion.framework */,
				A48847411A281BDB001B7532 /* MediaPlayer.framework */,
				A488473F1A281BCC001B7532 /* UIKit.framework */,
				A488473D1A281BC0001B7532 /* Foundation.framework */,
				A488473B1A281BAA001B7532 /* CoreGraphics.framework */,
				A48847391A281B9D001B7532 /* QuartzCore.framework */,
				A488463C1A2817A2001B7532 /* Info.plist */,
				A488463D1A2817A2001B7532 /* main.mm */,
			);
			name = "Supporting Files";
			sourceTree = "<group>";
		};
		A48846541A2817A2001B7532 /* szoneTests */ = {
			isa = PBXGroup;
			children = (
				A48846571A2817A2001B7532 /* szoneTests.m */,
				A48846551A2817A2001B7532 /* Supporting Files */,
			);
			path = szoneTests;
			sourceTree = "<group>";
		};
		A48846551A2817A2001B7532 /* Supporting Files */ = {
			isa = PBXGroup;
			children = (
				A48846561A2817A2001B7532 /* Info.plist */,
			);
			name = "Supporting Files";
			sourceTree = "<group>";
		};
		A488466E1A28183C001B7532 /* userVC */ = {
			isa = PBXGroup;
			children = (
				A48846611A28181E001B7532 /* ComboBox.h */,
				A48846621A28181E001B7532 /* ComboBox.m */,
				A48846631A28181E001B7532 /* LoginVC.h */,
				A48846641A28181E001B7532 /* LoginVC.m */,
				A48846661A28181E001B7532 /* UserInfoVC.h */,
				A48846671A28181E001B7532 /* UserInfoVC.m */,
				A48846681A28181E001B7532 /* UserInfoVC.xib */,
			);
			name = userVC;
			sourceTree = "<group>";
		};
		A488467A1A2818A2001B7532 /* mainBaseVC */ = {
			isa = PBXGroup;
			children = (
				A488466F1A28187C001B7532 /* MainTabBarVC.h */,
				A48846701A28187C001B7532 /* MainTabBarVC.mm */,
				A48846711A28187C001B7532 /* MainTabBarVC.xib */,
				A48846721A28187C001B7532 /* CustomTabButton.h */,
				A48846731A28187C001B7532 /* CustomTabButton.m */,
				A48846741A28187C001B7532 /* BaseNaviVC.h */,
				A48846751A28187C001B7532 /* BaseNaviVC.m */,
			);
			name = mainBaseVC;
			sourceTree = "<group>";
		};
		A48D7D4D1A2FF4230060F1C8 /* Utils */ = {
			isa = PBXGroup;
			children = (
				A447F9F91A3EF2570081EF77 /* lib */,
				A49A40AD1A35417D00885709 /* HUD */,
				A46A8E661A314DE0005F6F9A /* AFNetworking */,
				A46A8E7A1A314DE0005F6F9A /* GTMBase64 */,
				A46A8E801A314DE0005F6F9A /* IQKeyBoardManager */,
				A46A8E9E1A314DE0005F6F9A /* UIKit+AFNetworking */,
			);
			name = Utils;
			sourceTree = "<group>";
		};
		A49A40AD1A35417D00885709 /* HUD */ = {
			isa = PBXGroup;
			children = (
				A49A40C01A357AA800885709 /* Toast */,
				A49A40B11A35417D00885709 /* SVProgressHUD */,
			);
			path = HUD;
			sourceTree = SOURCE_ROOT;
		};
		A49A40B11A35417D00885709 /* SVProgressHUD */ = {
			isa = PBXGroup;
			children = (
				A49A40B21A35417D00885709 /* SVProgressHUD.bundle */,
				A49A40B31A35417D00885709 /* SVProgressHUD.h */,
				A49A40B41A35417D00885709 /* SVProgressHUD.m */,
			);
			path = SVProgressHUD;
			sourceTree = "<group>";
		};
		A49A40C01A357AA800885709 /* Toast */ = {
			isa = PBXGroup;
			children = (
				A49A40C11A357AA800885709 /* UIView+Toast.h */,
				A49A40C21A357AA800885709 /* UIView+Toast.m */,
			);
			path = Toast;
			sourceTree = "<group>";
		};
/* End PBXGroup section */

/* Begin PBXNativeTarget section */
		A48846371A2817A2001B7532 /* szone */ = {
			isa = PBXNativeTarget;
			buildConfigurationList = A488465B1A2817A2001B7532 /* Build configuration list for PBXNativeTarget "szone" */;
			buildPhases = (
				A48846341A2817A2001B7532 /* Sources */,
				A48846351A2817A2001B7532 /* Frameworks */,
				A48846361A2817A2001B7532 /* Resources */,
			);
			buildRules = (
			);
			dependencies = (
			);
			name = szone;
			productName = szone;
			productReference = A48846381A2817A2001B7532 /* szone.app */;
			productType = "com.apple.product-type.application";
		};
		A48846501A2817A2001B7532 /* szoneTests */ = {
			isa = PBXNativeTarget;
			buildConfigurationList = A488465E1A2817A2001B7532 /* Build configuration list for PBXNativeTarget "szoneTests" */;
			buildPhases = (
				A488464D1A2817A2001B7532 /* Sources */,
				A488464E1A2817A2001B7532 /* Frameworks */,
				A488464F1A2817A2001B7532 /* Resources */,
			);
			buildRules = (
			);
			dependencies = (
				A48846531A2817A2001B7532 /* PBXTargetDependency */,
			);
			name = szoneTests;
			productName = szoneTests;
			productReference = A48846511A2817A2001B7532 /* szoneTests.xctest */;
			productType = "com.apple.product-type.bundle.unit-test";
		};
/* End PBXNativeTarget section */

/* Begin PBXProject section */
		A48846301A2817A2001B7532 /* Project object */ = {
			isa = PBXProject;
			attributes = {
				LastUpgradeCheck = 0610;
				ORGANIZATIONNAME = lewei.com;
				TargetAttributes = {
					A48846371A2817A2001B7532 = {
						CreatedOnToolsVersion = 6.1;
						DevelopmentTeam = 7N9H44R54X;
					};
					A48846501A2817A2001B7532 = {
						CreatedOnToolsVersion = 6.1;
						TestTargetID = A48846371A2817A2001B7532;
					};
				};
			};
			buildConfigurationList = A48846331A2817A2001B7532 /* Build configuration list for PBXProject "szone" */;
			compatibilityVersion = "Xcode 3.2";
			developmentRegion = English;
			hasScannedForEncodings = 0;
			knownRegions = (
				en,
				Base,
			);
			mainGroup = A488462F1A2817A2001B7532;
			productRefGroup = A48846391A2817A2001B7532 /* Products */;
			projectDirPath = "";
			projectRoot = "";
			targets = (
				A48846371A2817A2001B7532 /* szone */,
				A48846501A2817A2001B7532 /* szoneTests */,
			);
		};
/* End PBXProject section */

/* Begin PBXResourcesBuildPhase section */
		A48846361A2817A2001B7532 /* Resources */ = {
			isa = PBXResourcesBuildPhase;
			buildActionMask = 2147483647;
			files = (
				A46A8F3F1A314E1E005F6F9A /* text_medicine.png in Resources */,
				A46A8F1F1A314E1E005F6F9A /* cell_userInfo.png in Resources */,
				A48846471A2817A2001B7532 /* Main.storyboard in Resources */,
				A46A8F481A314E1E005F6F9A /* yuyan_En.png in Resources */,
				A46A8F1A1A314E1E005F6F9A /* cell_exist.png in Resources */,
				A46A8F121A314E1E005F6F9A /* black.png in Resources */,
				A46A8F161A314E1E005F6F9A /* cell_about_illness.png in Resources */,
				A46A8F491A314E1E005F6F9A /* yuyan_En_sel.png in Resources */,
				A46A8F1C1A314E1E005F6F9A /* cell_jiantou.png in Resources */,
				A46A8F351A314E1E005F6F9A /* tabbar_more_selen.png in Resources */,
				A46A8F1B1A314E1E005F6F9A /* cell_help.png in Resources */,
				A46A8F111A314E1E005F6F9A /* beijing_518.png in Resources */,
				A48846841A2818EB001B7532 /* PaizhaoVC.xib in Resources */,
				A46A8F211A314E1E005F6F9A /* commit_btn.png in Resources */,
				A46A8F2D1A314E1E005F6F9A /* selectedColleView@2x.png in Resources */,
				A46A8F1E1A314E1E005F6F9A /* cell_upload.png in Resources */,
				A48846921A281903001B7532 /* MoreTableVC.xib in Resources */,
				A46A8F371A314E1E005F6F9A /* tabbar_paizhao_en.png in Resources */,
				A46A8F3C1A314E1E005F6F9A /* tabbar_tupian_sel.png in Resources */,
				A46A8F361A314E1E005F6F9A /* tabbar_paizhao.png in Resources */,
				A46A8F311A314E1E005F6F9A /* tabbar_bg@2x.png in Resources */,
				A4022C2F1A2C4EEA0042609B /* PhotoCollectionVC.xib in Resources */,
				A46A8F401A314E1E005F6F9A /* tishikuang.png in Resources */,
				A46A8F241A314E1E005F6F9A /* head.png in Resources */,
				A46A8F271A314E1E005F6F9A /* icon58.png in Resources */,
				A46A8F2F1A314E1E005F6F9A /* sex_sel.png in Resources */,
				A46A8F221A314E1E005F6F9A /* company.png in Resources */,
				A46A8F441A314E1E005F6F9A /* yuyan_btn.png in Resources */,
				A46A8F301A314E1E005F6F9A /* shurukuang.png in Resources */,
				A46A8F3D1A314E1E005F6F9A /* tabbar_tupian_selen.png in Resources */,
				A46A8EBC1A314DE0005F6F9A /* IQKeyboardManager.bundle in Resources */,
				A46A8F3E1A314E1E005F6F9A /* text_long.png in Resources */,
				A46A8F281A314E1E005F6F9A /* icon@2x.png in Resources */,
				A46A8F451A314E1E005F6F9A /* yuyan_btn_sel.png in Resources */,
				A46A8F191A314E1E005F6F9A /* cell_device.png in Resources */,
				A46A8F431A314E1E005F6F9A /* xiala_sel.png in Resources */,
				A49A40B61A35417D00885709 /* SVProgressHUD.bundle in Resources */,
				A46A8F341A314E1E005F6F9A /* tabbar_more_sel.png in Resources */,
				A46A8F331A314E1E005F6F9A /* tabbar_more_en.png in Resources */,
				A46A8F251A314E1E005F6F9A /* icon.png in Resources */,
				A46A8F261A314E1E005F6F9A /* icon120.png in Resources */,
				A46A8F421A314E1E005F6F9A /* xiala.png in Resources */,
				A46A8F141A314E1E005F6F9A /* btn_re.png in Resources */,
				A46A8F2C1A314E1E005F6F9A /* navi_bar@2x.png in Resources */,
				A46A8F1D1A314E1E005F6F9A /* cell_share.png in Resources */,
				A46A8F151A314E1E005F6F9A /* cancel_btn.png in Resources */,
				A46A8F171A314E1E005F6F9A /* cell_about_us.png in Resources */,
				A46A8F3B1A314E1E005F6F9A /* tabbar_tupian_en.png in Resources */,
				A46A8F381A314E1E005F6F9A /* tabbar_paizhao_sel.png in Resources */,
				A46A8F101A314E1E005F6F9A /* beijing_349.png in Resources */,
				A46A8F2B1A314E1E005F6F9A /* logo.png in Resources */,
				A488466D1A28181E001B7532 /* UserInfoVC.xib in Resources */,
				A46A8F231A314E1E005F6F9A /* cover_view.png in Resources */,
				A46A8F321A314E1E005F6F9A /* tabbar_more.png in Resources */,
				A46A8F391A314E1E005F6F9A /* tabbar_paizhao_selen.png in Resources */,
				A46A8F2A1A314E1E005F6F9A /* jiantou.png in Resources */,
				A46A8F291A314E1E005F6F9A /* image_divide.png in Resources */,
				A46A8F0F1A314E1E005F6F9A /* beijing.png in Resources */,
				A46A8F201A314E1E005F6F9A /* close_btn.png in Resources */,
				A48846491A2817A2001B7532 /* Images.xcassets in Resources */,
				A46A8F2E1A314E1E005F6F9A /* sex.png in Resources */,
				A46A8F0E1A314E1E005F6F9A /* back_btn.png in Resources */,
				A46A8F471A314E1E005F6F9A /* yuyan_cn_sel.png in Resources */,
				A46A8F131A314E1E005F6F9A /* btn_login.png in Resources */,
				A46A8F4A1A314E1E005F6F9A /* yuyan_view.png in Resources */,
				A48846901A281903001B7532 /* CustomMoreCell.xib in Resources */,
				A46A8F461A314E1E005F6F9A /* yuyan_cn.png in Resources */,
				A46A8F411A314E1E005F6F9A /* user_word.png in Resources */,
				A48846771A28187C001B7532 /* MainTabBarVC.xib in Resources */,
				A46A8F3A1A314E1E005F6F9A /* tabbar_tupian.png in Resources */,
				A46A8F181A314E1E005F6F9A /* cell_case.png in Resources */,
			);
			runOnlyForDeploymentPostprocessing = 0;
		};
		A488464F1A2817A2001B7532 /* Resources */ = {
			isa = PBXResourcesBuildPhase;
			buildActionMask = 2147483647;
			files = (
			);
			runOnlyForDeploymentPostprocessing = 0;
		};
/* End PBXResourcesBuildPhase section */

/* Begin PBXSourcesBuildPhase section */
		A48846341A2817A2001B7532 /* Sources */ = {
			isa = PBXSourcesBuildPhase;
			buildActionMask = 2147483647;
			files = (
				A488468F1A281903001B7532 /* CustomMoreCell.m in Sources */,
				A46A8EC11A314DE0005F6F9A /* IQTextView.m in Sources */,
				A46A8ECF1A314DE0005F6F9A /* UIWebView+AFNetworking.m in Sources */,
				A49A40B71A35417D00885709 /* SVProgressHUD.m in Sources */,
				A48846761A28187C001B7532 /* MainTabBarVC.mm in Sources */,
				A48846781A28187C001B7532 /* CustomTabButton.m in Sources */,
				A46A8EC81A314DE0005F6F9A /* AFNetworkActivityIndicatorManager.m in Sources */,
				A46A8EB21A314DE0005F6F9A /* AFHTTPSessionManager.m in Sources */,
				A48846411A2817A2001B7532 /* AppDelegate.m in Sources */,
				A46A8EB31A314DE0005F6F9A /* AFNetworkReachabilityManager.m in Sources */,
				A46A8EC51A314DE0005F6F9A /* IQUIView+IQKeyboardToolbar.m in Sources */,
				A46A8EB01A314DE0005F6F9A /* AFHTTPRequestOperation.m in Sources */,
				A46A8EBE1A314DE0005F6F9A /* IQKeyboardReturnKeyHandler.m in Sources */,
				A46A8EB61A314DE0005F6F9A /* AFURLRequestSerialization.m in Sources */,
				A46A8EC91A314DE0005F6F9A /* UIActivityIndicatorView+AFNetworking.m in Sources */,
				A46A8EBD1A314DE0005F6F9A /* IQKeyboardManager.m in Sources */,
				A46A8EB51A314DE0005F6F9A /* AFURLConnectionOperation.m in Sources */,
				A46A8EB91A314DE0005F6F9A /* CodingBase64.m in Sources */,
				A46A8EB81A314DE0005F6F9A /* AFURLSessionManager.m in Sources */,
				A43A5FDF1A2DF18000A67ACB /* PhotoCollectionViewCell.m in Sources */,
				A46A8ECE1A314DE0005F6F9A /* UIRefreshControl+AFNetworking.m in Sources */,
				A46A8EC61A314DE0005F6F9A /* IQUIWindow+Hierarchy.m in Sources */,
				A46A8ECC1A314DE0005F6F9A /* UIImageView+AFNetworking.m in Sources */,
				A48846791A28187C001B7532 /* BaseNaviVC.m in Sources */,
				A4022C2E1A2C4EEA0042609B /* PhotoCollectionVC.m in Sources */,
				A48846831A2818EB001B7532 /* PaizhaoVC.mm in Sources */,
				A46A8ECD1A314DE0005F6F9A /* UIProgressView+AFNetworking.m in Sources */,
				A488466A1A28181E001B7532 /* LoginVC.m in Sources */,
				A48846911A281903001B7532 /* MoreTableVC.m in Sources */,
				A46A8ECA1A314DE0005F6F9A /* UIAlertView+AFNetworking.m in Sources */,
				A46A8EC01A314DE0005F6F9A /* IQSegmentedNextPrevious.m in Sources */,
				A48846691A28181E001B7532 /* ComboBox.m in Sources */,
				A488463E1A2817A2001B7532 /* main.mm in Sources */,
				A48846941A281903001B7532 /* UploadView.m in Sources */,
				A46A8EB41A314DE0005F6F9A /* AFSecurityPolicy.m in Sources */,
				A488466C1A28181E001B7532 /* UserInfoVC.m in Sources */,
				A46A8EBF1A314DE0005F6F9A /* IQNSArray+Sort.m in Sources */,
				A46A8EB11A314DE0005F6F9A /* AFHTTPRequestOperationManager.m in Sources */,
				A46A8EBA1A314DE0005F6F9A /* GTMBase64.m in Sources */,
				A46A8EC31A314DE0005F6F9A /* IQToolbar.m in Sources */,
				A49A40C31A357AA800885709 /* UIView+Toast.m in Sources */,
				A48846931A281903001B7532 /* UploadVC.m in Sources */,
				A46A8EB71A314DE0005F6F9A /* AFURLResponseSerialization.m in Sources */,
				A46A8ECB1A314DE0005F6F9A /* UIButton+AFNetworking.m in Sources */,
				A46A8EC21A314DE0005F6F9A /* IQTitleBarButtonItem.m in Sources */,
				A46A8EBB1A314DE0005F6F9A /* IQBarButtonItem.m in Sources */,
				A46A8EC41A314DE0005F6F9A /* IQUIView+Hierarchy.m in Sources */,
			);
			runOnlyForDeploymentPostprocessing = 0;
		};
		A488464D1A2817A2001B7532 /* Sources */ = {
			isa = PBXSourcesBuildPhase;
			buildActionMask = 2147483647;
			files = (
				A48846581A2817A2001B7532 /* szoneTests.m in Sources */,
			);
			runOnlyForDeploymentPostprocessing = 0;
		};
/* End PBXSourcesBuildPhase section */

/* Begin PBXTargetDependency section */
		A48846531A2817A2001B7532 /* PBXTargetDependency */ = {
			isa = PBXTargetDependency;
			target = A48846371A2817A2001B7532 /* szone */;
			targetProxy = A48846521A2817A2001B7532 /* PBXContainerItemProxy */;
		};
/* End PBXTargetDependency section */

/* Begin PBXVariantGroup section */
		A48846451A2817A2001B7532 /* Main.storyboard */ = {
			isa = PBXVariantGroup;
			children = (
				A48846461A2817A2001B7532 /* Base */,
			);
			name = Main.storyboard;
			sourceTree = "<group>";
		};
/* End PBXVariantGroup section */

/* Begin XCBuildConfiguration section */
		A48846591A2817A2001B7532 /* Debug */ = {
			isa = XCBuildConfiguration;
			buildSettings = {
				ALWAYS_SEARCH_USER_PATHS = YES;
				CLANG_CXX_LANGUAGE_STANDARD = "compiler-default";
				CLANG_CXX_LIBRARY = "compiler-default";
				CLANG_ENABLE_MODULES = YES;
				CLANG_ENABLE_OBJC_ARC = YES;
				CLANG_WARN_BOOL_CONVERSION = YES;
				CLANG_WARN_CONSTANT_CONVERSION = YES;
				CLANG_WARN_DIRECT_OBJC_ISA_USAGE = YES_ERROR;
				CLANG_WARN_EMPTY_BODY = YES;
				CLANG_WARN_ENUM_CONVERSION = YES;
				CLANG_WARN_INT_CONVERSION = YES;
				CLANG_WARN_OBJC_ROOT_CLASS = YES_ERROR;
				CLANG_WARN_UNREACHABLE_CODE = YES;
				CLANG_WARN__DUPLICATE_METHOD_MATCH = YES;
				CODE_SIGN_IDENTITY = "iPhone Developer: mai wu yu (7T265MDXF9)";
				"CODE_SIGN_IDENTITY[sdk=iphoneos*]" = "iPhone Developer: mai wu yu (7T265MDXF9)";
				COPY_PHASE_STRIP = NO;
				ENABLE_STRICT_OBJC_MSGSEND = YES;
				GCC_C_LANGUAGE_STANDARD = gnu99;
				GCC_DYNAMIC_NO_PIC = NO;
				GCC_OPTIMIZATION_LEVEL = 0;
				GCC_PREPROCESSOR_DEFINITIONS = (
					"DEBUG=1",
					"$(inherited)",
				);
				GCC_SYMBOLS_PRIVATE_EXTERN = NO;
				GCC_WARN_64_TO_32_BIT_CONVERSION = YES;
				GCC_WARN_ABOUT_RETURN_TYPE = YES_ERROR;
				GCC_WARN_UNDECLARED_SELECTOR = YES;
				GCC_WARN_UNINITIALIZED_AUTOS = YES_AGGRESSIVE;
				GCC_WARN_UNUSED_FUNCTION = YES;
				GCC_WARN_UNUSED_VARIABLE = YES;
				IPHONEOS_DEPLOYMENT_TARGET = 6.0;
				MTL_ENABLE_DEBUG_INFO = YES;
				ONLY_ACTIVE_ARCH = YES;
				SDKROOT = iphoneos;
				TARGETED_DEVICE_FAMILY = 1;
			};
			name = Debug;
		};
		A488465A1A2817A2001B7532 /* Release */ = {
			isa = XCBuildConfiguration;
			buildSettings = {
				ALWAYS_SEARCH_USER_PATHS = YES;
				CLANG_CXX_LANGUAGE_STANDARD = "compiler-default";
				CLANG_CXX_LIBRARY = "compiler-default";
				CLANG_ENABLE_MODULES = YES;
				CLANG_ENABLE_OBJC_ARC = YES;
				CLANG_WARN_BOOL_CONVERSION = YES;
				CLANG_WARN_CONSTANT_CONVERSION = YES;
				CLANG_WARN_DIRECT_OBJC_ISA_USAGE = YES_ERROR;
				CLANG_WARN_EMPTY_BODY = YES;
				CLANG_WARN_ENUM_CONVERSION = YES;
				CLANG_WARN_INT_CONVERSION = YES;
				CLANG_WARN_OBJC_ROOT_CLASS = YES_ERROR;
				CLANG_WARN_UNREACHABLE_CODE = YES;
				CLANG_WARN__DUPLICATE_METHOD_MATCH = YES;
				CODE_SIGN_IDENTITY = "iPhone Developer: mai wu yu (7T265MDXF9)";
				"CODE_SIGN_IDENTITY[sdk=iphoneos*]" = "iPhone Developer: mai wu yu (7T265MDXF9)";
				COPY_PHASE_STRIP = YES;
				ENABLE_NS_ASSERTIONS = NO;
				ENABLE_STRICT_OBJC_MSGSEND = YES;
				GCC_C_LANGUAGE_STANDARD = gnu99;
				GCC_WARN_64_TO_32_BIT_CONVERSION = YES;
				GCC_WARN_ABOUT_RETURN_TYPE = YES_ERROR;
				GCC_WARN_UNDECLARED_SELECTOR = YES;
				GCC_WARN_UNINITIALIZED_AUTOS = YES_AGGRESSIVE;
				GCC_WARN_UNUSED_FUNCTION = YES;
				GCC_WARN_UNUSED_VARIABLE = YES;
				IPHONEOS_DEPLOYMENT_TARGET = 6.0;
				MTL_ENABLE_DEBUG_INFO = NO;
				ONLY_ACTIVE_ARCH = YES;
				SDKROOT = iphoneos;
				TARGETED_DEVICE_FAMILY = 1;
				VALIDATE_PRODUCT = YES;
			};
			name = Release;
		};
		A488465C1A2817A2001B7532 /* Debug */ = {
			isa = XCBuildConfiguration;
			buildSettings = {
				ASSETCATALOG_COMPILER_LAUNCHIMAGE_NAME = LaunchImage;
				CODE_SIGN_IDENTITY = "iPhone Developer: mai wu yu (7T265MDXF9)";
				"CODE_SIGN_IDENTITY[sdk=iphoneos*]" = "iPhone Developer: mai wu yu (7T265MDXF9)";
				GCC_INPUT_FILETYPE = sourcecode.cpp.objcpp;
				GCC_PRECOMPILE_PREFIX_HEADER = NO;
				GCC_PREFIX_HEADER = "";
				INFOPLIST_FILE = szone/Info.plist;
				IPHONEOS_DEPLOYMENT_TARGET = 6.1;
				LD_RUNPATH_SEARCH_PATHS = "$(inherited) @executable_path/Frameworks";
				LIBRARY_SEARCH_PATHS = (
					"$(inherited)",
					"$(PROJECT_DIR)/szone/lib",
					"$(PROJECT_DIR)/lib",
				);
				MTL_ENABLE_DEBUG_INFO = YES;
				ONLY_ACTIVE_ARCH = YES;
				OTHER_LDFLAGS = "-lstdc++";
				PRODUCT_NAME = "$(TARGET_NAME)";
				PROVISIONING_PROFILE = "459ba467-780e-474a-843b-0d6fd2e6092f";
				TARGETED_DEVICE_FAMILY = 1;
				VALID_ARCHS = "armv7 armv7s";
			};
			name = Debug;
		};
		A488465D1A2817A2001B7532 /* Release */ = {
			isa = XCBuildConfiguration;
			buildSettings = {
				ASSETCATALOG_COMPILER_LAUNCHIMAGE_NAME = LaunchImage;
				CODE_SIGN_IDENTITY = "iPhone Developer: mai wu yu (7T265MDXF9)";
				"CODE_SIGN_IDENTITY[sdk=iphoneos*]" = "iPhone Developer: mai wu yu (7T265MDXF9)";
				GCC_INPUT_FILETYPE = sourcecode.cpp.objcpp;
				GCC_PRECOMPILE_PREFIX_HEADER = NO;
				GCC_PREFIX_HEADER = "";
				INFOPLIST_FILE = szone/Info.plist;
				IPHONEOS_DEPLOYMENT_TARGET = 6.1;
				LD_RUNPATH_SEARCH_PATHS = "$(inherited) @executable_path/Frameworks";
				LIBRARY_SEARCH_PATHS = (
					"$(inherited)",
					"$(PROJECT_DIR)/szone/lib",
					"$(PROJECT_DIR)/lib",
				);
				ONLY_ACTIVE_ARCH = YES;
				OTHER_LDFLAGS = "-lstdc++";
				PRODUCT_NAME = "$(TARGET_NAME)";
				PROVISIONING_PROFILE = "459ba467-780e-474a-843b-0d6fd2e6092f";
				TARGETED_DEVICE_FAMILY = 1;
				VALID_ARCHS = "armv7 armv7s";
			};
			name = Release;
		};
		A488465F1A2817A2001B7532 /* Debug */ = {
			isa = XCBuildConfiguration;
			buildSettings = {
				BUNDLE_LOADER = "$(TEST_HOST)";
				FRAMEWORK_SEARCH_PATHS = (
					"$(SDKROOT)/Developer/Library/Frameworks",
					"$(inherited)",
				);
				GCC_PREPROCESSOR_DEFINITIONS = (
					"DEBUG=1",
					"$(inherited)",
				);
				INFOPLIST_FILE = szoneTests/Info.plist;
				LD_RUNPATH_SEARCH_PATHS = "$(inherited) @executable_path/Frameworks @loader_path/Frameworks";
				PRODUCT_NAME = "$(TARGET_NAME)";
				SDKROOT = iphoneos;
				TEST_HOST = "$(BUILT_PRODUCTS_DIR)/szone.app/szone";
			};
			name = Debug;
		};
		A48846601A2817A2001B7532 /* Release */ = {
			isa = XCBuildConfiguration;
			buildSettings = {
				BUNDLE_LOADER = "$(TEST_HOST)";
				FRAMEWORK_SEARCH_PATHS = (
					"$(SDKROOT)/Developer/Library/Frameworks",
					"$(inherited)",
				);
				INFOPLIST_FILE = szoneTests/Info.plist;
				LD_RUNPATH_SEARCH_PATHS = "$(inherited) @executable_path/Frameworks @loader_path/Frameworks";
				PRODUCT_NAME = "$(TARGET_NAME)";
				SDKROOT = iphoneos;
				TEST_HOST = "$(BUILT_PRODUCTS_DIR)/szone.app/szone";
			};
			name = Release;
		};
/* End XCBuildConfiguration section */

/* Begin XCConfigurationList section */
		A48846331A2817A2001B7532 /* Build configuration list for PBXProject "szone" */ = {
			isa = XCConfigurationList;
			buildConfigurations = (
				A48846591A2817A2001B7532 /* Debug */,
				A488465A1A2817A2001B7532 /* Release */,
			);
			defaultConfigurationIsVisible = 0;
			defaultConfigurationName = Release;
		};
		A488465B1A2817A2001B7532 /* Build configuration list for PBXNativeTarget "szone" */ = {
			isa = XCConfigurationList;
			buildConfigurations = (
				A488465C1A2817A2001B7532 /* Debug */,
				A488465D1A2817A2001B7532 /* Release */,
			);
			defaultConfigurationIsVisible = 0;
			defaultConfigurationName = Release;
		};
		A488465E1A2817A2001B7532 /* Build configuration list for PBXNativeTarget "szoneTests" */ = {
			isa = XCConfigurationList;
			buildConfigurations = (
				A488465F1A2817A2001B7532 /* Debug */,
				A48846601A2817A2001B7532 /* Release */,
			);
			defaultConfigurationIsVisible = 0;
			defaultConfigurationName = Release;
		};
/* End XCConfigurationList section */
	};
	rootObject = A48846301A2817A2001B7532 /* Project object */;
}
